// !$*UTF8*$!
{
	archiveVersion = 1;
	classes = {
	};
	objectVersion = 52;
	objects = {

/* Begin PBXBuildFile section */
		1E08CC4125B47B3800C8D9EC /* VideoPlayerAditionalPlayerControllsController.swift in Sources */ = {isa = PBXBuildFile; fileRef = 1E08CC4025B47B3800C8D9EC /* VideoPlayerAditionalPlayerControllsController.swift */; };
		1E08E66B25A13331001E9ACE /* SettingsViewLabel.swift in Sources */ = {isa = PBXBuildFile; fileRef = 1E08E66A25A13331001E9ACE /* SettingsViewLabel.swift */; };
		1E08E67325A135D2001E9ACE /* Bookmarks.swift in Sources */ = {isa = PBXBuildFile; fileRef = 1E08E67225A135D2001E9ACE /* Bookmarks.swift */; };
		1E08E67825A135FA001E9ACE /* ShareWithFriends.swift in Sources */ = {isa = PBXBuildFile; fileRef = 1E08E67725A135FA001E9ACE /* ShareWithFriends.swift */; };
		1E08E67D25A1361F001E9ACE /* SendFeedback.swift in Sources */ = {isa = PBXBuildFile; fileRef = 1E08E67C25A1361F001E9ACE /* SendFeedback.swift */; };
		1E08E68A25A13B18001E9ACE /* ShareSheet.swift in Sources */ = {isa = PBXBuildFile; fileRef = 1E08E68925A13B18001E9ACE /* ShareSheet.swift */; };
		1E08E68F25A141D7001E9ACE /* MailView.swift in Sources */ = {isa = PBXBuildFile; fileRef = 1E08E68E25A141D7001E9ACE /* MailView.swift */; };
		1E20A92025B1D84600621426 /* Kingfisher in Frameworks */ = {isa = PBXBuildFile; productRef = 1E20A91F25B1D84600621426 /* Kingfisher */; };
		1E2300112597DD3000B6B9C6 /* RandomInterstitalAds.swift in Sources */ = {isa = PBXBuildFile; fileRef = 1E2300102597DD3000B6B9C6 /* RandomInterstitalAds.swift */; };
		1E2300162597E3FB00B6B9C6 /* InterstitialAdmob.swift in Sources */ = {isa = PBXBuildFile; fileRef = 1E2300152597E3FB00B6B9C6 /* InterstitialAdmob.swift */; };
		1E296CEF253CCB83002A0C5E /* VideoPlayerAdditionalControlls.swift in Sources */ = {isa = PBXBuildFile; fileRef = 1E296CEE253CCB83002A0C5E /* VideoPlayerAdditionalControlls.swift */; };
		1E296CFA253CDFE3002A0C5E /* CategoryViewSettings.swift in Sources */ = {isa = PBXBuildFile; fileRef = 1E296CF9253CDFE3002A0C5E /* CategoryViewSettings.swift */; };
		1E50F707253B9D4400244E51 /* VideoIDModel.swift in Sources */ = {isa = PBXBuildFile; fileRef = 1E50F706253B9D4400244E51 /* VideoIDModel.swift */; };
		1E56E64F254CEA3700B04773 /* VideoIDFetcher.swift in Sources */ = {isa = PBXBuildFile; fileRef = 1E56E64E254CEA3700B04773 /* VideoIDFetcher.swift */; };
		1E71330D25A103E1002B1C35 /* SettingView.swift in Sources */ = {isa = PBXBuildFile; fileRef = 1E71330C25A103E1002B1C35 /* SettingView.swift */; };
		1E75496A25C0C049005D7544 /* ViewEXt.swift in Sources */ = {isa = PBXBuildFile; fileRef = 1E75496925C0C049005D7544 /* ViewEXt.swift */; };
		1E78439425B9659A009906F7 /* NoBookmarkedView.swift in Sources */ = {isa = PBXBuildFile; fileRef = 1E78439325B9659A009906F7 /* NoBookmarkedView.swift */; };
		1E85A0BD25B1B43B001A1CC2 /* CoreDataFunctions.swift in Sources */ = {isa = PBXBuildFile; fileRef = 1E85A0BC25B1B43B001A1CC2 /* CoreDataFunctions.swift */; };
		1E89CB2925338A9F004A9110 /* CategoryViewCard.swift in Sources */ = {isa = PBXBuildFile; fileRef = 1E89CB2825338A9F004A9110 /* CategoryViewCard.swift */; };
		1E9B04F725A66A0A00757FE0 /* MotivationalApp.xcdatamodeld in Sources */ = {isa = PBXBuildFile; fileRef = 1E9B04F525A66A0A00757FE0 /* MotivationalApp.xcdatamodeld */; };
		1E9B04FF25A66B2900757FE0 /* BookmarkView.swift in Sources */ = {isa = PBXBuildFile; fileRef = 1E9B04FE25A66B2900757FE0 /* BookmarkView.swift */; };
		1E9C79FF254E3DB800D3FAD9 /* CategoryViewCardList.swift in Sources */ = {isa = PBXBuildFile; fileRef = 1E9C79FE254E3DB800D3FAD9 /* CategoryViewCardList.swift */; };
		1E9FB36A2517D7CB002DFEB0 /* VideoPlayerControlls.swift in Sources */ = {isa = PBXBuildFile; fileRef = 1E9FB3692517D7CB002DFEB0 /* VideoPlayerControlls.swift */; };
		1E9FB36F2517D8E3002DFEB0 /* VideoProgressBar.swift in Sources */ = {isa = PBXBuildFile; fileRef = 1E9FB36E2517D8E3002DFEB0 /* VideoProgressBar.swift */; };
		1E9FB3742517D92F002DFEB0 /* VideoPlayer.swift in Sources */ = {isa = PBXBuildFile; fileRef = 1E9FB3732517D92F002DFEB0 /* VideoPlayer.swift */; };
		1E9FB3892517DEB0002DFEB0 /* SizeShadowModifierImage.swift in Sources */ = {isa = PBXBuildFile; fileRef = 1E9FB3882517DEB0002DFEB0 /* SizeShadowModifierImage.swift */; };
		1EA30FC424FC37D800B06BF0 /* WebViewModel.swift in Sources */ = {isa = PBXBuildFile; fileRef = 1EA30FC324FC37D800B06BF0 /* WebViewModel.swift */; };
		1EA79A2924C0E27B00E45A86 /* AppDelegate.swift in Sources */ = {isa = PBXBuildFile; fileRef = 1EA79A2824C0E27B00E45A86 /* AppDelegate.swift */; };
		1EA79A2B24C0E27B00E45A86 /* SceneDelegate.swift in Sources */ = {isa = PBXBuildFile; fileRef = 1EA79A2A24C0E27B00E45A86 /* SceneDelegate.swift */; };
		1EA79A2D24C0E27B00E45A86 /* ContentView.swift in Sources */ = {isa = PBXBuildFile; fileRef = 1EA79A2C24C0E27B00E45A86 /* ContentView.swift */; };
		1EA79A2F24C0E27C00E45A86 /* Assets.xcassets in Resources */ = {isa = PBXBuildFile; fileRef = 1EA79A2E24C0E27C00E45A86 /* Assets.xcassets */; };
		1EA79A3224C0E27C00E45A86 /* Preview Assets.xcassets in Resources */ = {isa = PBXBuildFile; fileRef = 1EA79A3124C0E27C00E45A86 /* Preview Assets.xcassets */; };
		1EA79A3524C0E27C00E45A86 /* LaunchScreen.storyboard in Resources */ = {isa = PBXBuildFile; fileRef = 1EA79A3324C0E27C00E45A86 /* LaunchScreen.storyboard */; };
		1EA79A4024C0E27C00E45A86 /* MotivationalAppTests.swift in Sources */ = {isa = PBXBuildFile; fileRef = 1EA79A3F24C0E27C00E45A86 /* MotivationalAppTests.swift */; };
		1EA79A4B24C0E27C00E45A86 /* MotivationalAppUITests.swift in Sources */ = {isa = PBXBuildFile; fileRef = 1EA79A4A24C0E27C00E45A86 /* MotivationalAppUITests.swift */; };
		1EA8AA1625521A0A0013031E /* VideoPlayerCoverUpYoutubeTrademarks.swift in Sources */ = {isa = PBXBuildFile; fileRef = 1EA8AA1525521A0A0013031E /* VideoPlayerCoverUpYoutubeTrademarks.swift */; };
		1EC35B7325923548001C57FD /* VideoIDFetcherInfo.swift in Sources */ = {isa = PBXBuildFile; fileRef = 1EC35B7225923548001C57FD /* VideoIDFetcherInfo.swift */; };
		1EC764C5259A815600802BC6 /* SpinnerProgressIndicator.swift in Sources */ = {isa = PBXBuildFile; fileRef = 1EC764C4259A815600802BC6 /* SpinnerProgressIndicator.swift */; };
		1ECD68DD25BF726300E67504 /* DeleteButtonStyle.swift in Sources */ = {isa = PBXBuildFile; fileRef = 1ECD68DC25BF726300E67504 /* DeleteButtonStyle.swift */; };
		1ECD68E225BF72CB00E67504 /* CategoryViewCardButtonStyle.swift in Sources */ = {isa = PBXBuildFile; fileRef = 1ECD68E125BF72CB00E67504 /* CategoryViewCardButtonStyle.swift */; };
		1ECD68E725BF72FD00E67504 /* VideoPlayerControllsButtonStyle.swift in Sources */ = {isa = PBXBuildFile; fileRef = 1ECD68E625BF72FD00E67504 /* VideoPlayerControllsButtonStyle.swift */; };
		1ECD68EC25BF73F400E67504 /* VideoPlayerAdditionalControllsButtonStyle.swift in Sources */ = {isa = PBXBuildFile; fileRef = 1ECD68EB25BF73F400E67504 /* VideoPlayerAdditionalControllsButtonStyle.swift */; };
		1ECD68F125BF745100E67504 /* BookmarkViewTitleModifier.swift in Sources */ = {isa = PBXBuildFile; fileRef = 1ECD68F025BF745100E67504 /* BookmarkViewTitleModifier.swift */; };
		1ED35B6425967B8600BF657C /* BannerAdmob.swift in Sources */ = {isa = PBXBuildFile; fileRef = 1ED35B6325967B8600BF657C /* BannerAdmob.swift */; };
		1ED35B692596A09100BF657C /* BannerAdmobSize.swift in Sources */ = {isa = PBXBuildFile; fileRef = 1ED35B682596A09100BF657C /* BannerAdmobSize.swift */; };
		1EE2EDDA25A2867200C0B9C7 /* Indicator.swift in Sources */ = {isa = PBXBuildFile; fileRef = 1EE2EDD925A2867200C0B9C7 /* Indicator.swift */; };
		1EEA2A6425B3844700148A5C /* VideoSaved.swift in Sources */ = {isa = PBXBuildFile; fileRef = 1EEA2A6325B3844700148A5C /* VideoSaved.swift */; };
		1EEBE8622593FD9E009D8CC6 /* CategoryViewData.swift in Sources */ = {isa = PBXBuildFile; fileRef = 1EEBE8612593FD9E009D8CC6 /* CategoryViewData.swift */; };
		1EEDB60B24EDAA02008CEB7A /* webView.swift in Sources */ = {isa = PBXBuildFile; fileRef = 1EEDB60A24EDAA02008CEB7A /* webView.swift */; };
		1EEF61B525A9255A009884EF /* BookmarkViewImage.swift in Sources */ = {isa = PBXBuildFile; fileRef = 1EEF61B425A9255A009884EF /* BookmarkViewImage.swift */; };
		1EEF61BA25A92622009884EF /* BookmarkViewOverlay.swift in Sources */ = {isa = PBXBuildFile; fileRef = 1EEF61B925A92622009884EF /* BookmarkViewOverlay.swift */; };
		1EEF61BF25A926B4009884EF /* BookmarkOverlayView.swift in Sources */ = {isa = PBXBuildFile; fileRef = 1EEF61BE25A926B4009884EF /* BookmarkOverlayView.swift */; };
		1EF9E25725C355C200B920E4 /* MotivationalSpeakersOne.swift in Sources */ = {isa = PBXBuildFile; fileRef = 1EF9E25625C355C200B920E4 /* MotivationalSpeakersOne.swift */; };
		1EF9E25F25C3571F00B920E4 /* Relationships.swift in Sources */ = {isa = PBXBuildFile; fileRef = 1EF9E25E25C3571F00B920E4 /* Relationships.swift */; };
		1EF9E26425C357B100B920E4 /* Mindset.swift in Sources */ = {isa = PBXBuildFile; fileRef = 1EF9E26325C357B100B920E4 /* Mindset.swift */; };
		1EF9E26925C3595200B920E4 /* Everyday.swift in Sources */ = {isa = PBXBuildFile; fileRef = 1EF9E26825C3595200B920E4 /* Everyday.swift */; };
		1EF9E26E25C35A8F00B920E4 /* FemaleMotivationSpeakers.swift in Sources */ = {isa = PBXBuildFile; fileRef = 1EF9E26D25C35A8F00B920E4 /* FemaleMotivationSpeakers.swift */; };
		1EF9E27325C35BDA00B920E4 /* Health.swift in Sources */ = {isa = PBXBuildFile; fileRef = 1EF9E27225C35BDA00B920E4 /* Health.swift */; };
		1EF9E27825C35CA900B920E4 /* FiguresOne .swift in Sources */ = {isa = PBXBuildFile; fileRef = 1EF9E27725C35CA900B920E4 /* FiguresOne .swift */; };
		1EF9E27D25C35DA900B920E4 /* FiguresTwo.swift in Sources */ = {isa = PBXBuildFile; fileRef = 1EF9E27C25C35DA900B920E4 /* FiguresTwo.swift */; };
		1EF9E28225C35EA000B920E4 /* MotivationalSpeakersTwo.swift in Sources */ = {isa = PBXBuildFile; fileRef = 1EF9E28125C35EA000B920E4 /* MotivationalSpeakersTwo.swift */; };
		1EFD52CD253396B8008AE487 /* CategoryViewSection.swift in Sources */ = {isa = PBXBuildFile; fileRef = 1EFD52CC253396B8008AE487 /* CategoryViewSection.swift */; };
		1EFD52D22533A178008AE487 /* CategoryView.swift in Sources */ = {isa = PBXBuildFile; fileRef = 1EFD52D12533A178008AE487 /* CategoryView.swift */; };
		38BDF39965856052F59114D2 /* Pods_MotivationalApp.framework in Frameworks */ = {isa = PBXBuildFile; fileRef = DB8F6BB4F9B32B8A1007BEF1 /* Pods_MotivationalApp.framework */; };
		5AFC19B58EFB5DC54A31A127 /* Pods_MotivationalApp_MotivationalAppUITests.framework in Frameworks */ = {isa = PBXBuildFile; fileRef = 8736B4E94C7C4CF8BE30F80E /* Pods_MotivationalApp_MotivationalAppUITests.framework */; };
		D89E183E6C960811E062ACCB /* Pods_MotivationalAppTests.framework in Frameworks */ = {isa = PBXBuildFile; fileRef = 003EE3417342AFEE76BC8000 /* Pods_MotivationalAppTests.framework */; };
/* End PBXBuildFile section */

/* Begin PBXContainerItemProxy section */
		1EA79A3C24C0E27C00E45A86 /* PBXContainerItemProxy */ = {
			isa = PBXContainerItemProxy;
			containerPortal = 1EA79A1D24C0E27B00E45A86 /* Project object */;
			proxyType = 1;
			remoteGlobalIDString = 1EA79A2424C0E27B00E45A86;
			remoteInfo = MotivationalApp;
		};
		1EA79A4724C0E27C00E45A86 /* PBXContainerItemProxy */ = {
			isa = PBXContainerItemProxy;
			containerPortal = 1EA79A1D24C0E27B00E45A86 /* Project object */;
			proxyType = 1;
			remoteGlobalIDString = 1EA79A2424C0E27B00E45A86;
			remoteInfo = MotivationalApp;
		};
/* End PBXContainerItemProxy section */

/* Begin PBXFileReference section */
		003EE3417342AFEE76BC8000 /* Pods_MotivationalAppTests.framework */ = {isa = PBXFileReference; explicitFileType = wrapper.framework; includeInIndex = 0; path = Pods_MotivationalAppTests.framework; sourceTree = BUILT_PRODUCTS_DIR; };
		06D3E03E6AC52B0D0FBAEB0E /* Pods-MotivationalAppTests.release.xcconfig */ = {isa = PBXFileReference; includeInIndex = 1; lastKnownFileType = text.xcconfig; name = "Pods-MotivationalAppTests.release.xcconfig"; path = "Target Support Files/Pods-MotivationalAppTests/Pods-MotivationalAppTests.release.xcconfig"; sourceTree = "<group>"; };
		1E08CC4025B47B3800C8D9EC /* VideoPlayerAditionalPlayerControllsController.swift */ = {isa = PBXFileReference; fileEncoding = 4; lastKnownFileType = sourcecode.swift; path = VideoPlayerAditionalPlayerControllsController.swift; sourceTree = "<group>"; };
		1E08E66A25A13331001E9ACE /* SettingsViewLabel.swift */ = {isa = PBXFileReference; lastKnownFileType = sourcecode.swift; path = SettingsViewLabel.swift; sourceTree = "<group>"; };
		1E08E67225A135D2001E9ACE /* Bookmarks.swift */ = {isa = PBXFileReference; lastKnownFileType = sourcecode.swift; path = Bookmarks.swift; sourceTree = "<group>"; };
		1E08E67725A135FA001E9ACE /* ShareWithFriends.swift */ = {isa = PBXFileReference; lastKnownFileType = sourcecode.swift; path = ShareWithFriends.swift; sourceTree = "<group>"; };
		1E08E67C25A1361F001E9ACE /* SendFeedback.swift */ = {isa = PBXFileReference; lastKnownFileType = sourcecode.swift; path = SendFeedback.swift; sourceTree = "<group>"; };
		1E08E68925A13B18001E9ACE /* ShareSheet.swift */ = {isa = PBXFileReference; lastKnownFileType = sourcecode.swift; path = ShareSheet.swift; sourceTree = "<group>"; };
		1E08E68E25A141D7001E9ACE /* MailView.swift */ = {isa = PBXFileReference; lastKnownFileType = sourcecode.swift; path = MailView.swift; sourceTree = "<group>"; };
		1E2300102597DD3000B6B9C6 /* RandomInterstitalAds.swift */ = {isa = PBXFileReference; lastKnownFileType = sourcecode.swift; path = RandomInterstitalAds.swift; sourceTree = "<group>"; };
		1E2300152597E3FB00B6B9C6 /* InterstitialAdmob.swift */ = {isa = PBXFileReference; lastKnownFileType = sourcecode.swift; path = InterstitialAdmob.swift; sourceTree = "<group>"; };
		1E296CEE253CCB83002A0C5E /* VideoPlayerAdditionalControlls.swift */ = {isa = PBXFileReference; lastKnownFileType = sourcecode.swift; path = VideoPlayerAdditionalControlls.swift; sourceTree = "<group>"; };
		1E296CF9253CDFE3002A0C5E /* CategoryViewSettings.swift */ = {isa = PBXFileReference; lastKnownFileType = sourcecode.swift; path = CategoryViewSettings.swift; sourceTree = "<group>"; };
		1E50F706253B9D4400244E51 /* VideoIDModel.swift */ = {isa = PBXFileReference; lastKnownFileType = sourcecode.swift; path = VideoIDModel.swift; sourceTree = "<group>"; };
		1E56E64E254CEA3700B04773 /* VideoIDFetcher.swift */ = {isa = PBXFileReference; lastKnownFileType = sourcecode.swift; path = VideoIDFetcher.swift; sourceTree = "<group>"; };
		1E71330C25A103E1002B1C35 /* SettingView.swift */ = {isa = PBXFileReference; lastKnownFileType = sourcecode.swift; path = SettingView.swift; sourceTree = "<group>"; };
		1E75496925C0C049005D7544 /* ViewEXt.swift */ = {isa = PBXFileReference; lastKnownFileType = sourcecode.swift; path = ViewEXt.swift; sourceTree = "<group>"; };
		1E78439325B9659A009906F7 /* NoBookmarkedView.swift */ = {isa = PBXFileReference; lastKnownFileType = sourcecode.swift; path = NoBookmarkedView.swift; sourceTree = "<group>"; };
		1E85A0BC25B1B43B001A1CC2 /* CoreDataFunctions.swift */ = {isa = PBXFileReference; lastKnownFileType = sourcecode.swift; path = CoreDataFunctions.swift; sourceTree = "<group>"; };
		1E89CB2825338A9F004A9110 /* CategoryViewCard.swift */ = {isa = PBXFileReference; lastKnownFileType = sourcecode.swift; path = CategoryViewCard.swift; sourceTree = "<group>"; };
		1E9B04F625A66A0A00757FE0 /* MotivationalApp.xcdatamodel */ = {isa = PBXFileReference; lastKnownFileType = wrapper.xcdatamodel; path = MotivationalApp.xcdatamodel; sourceTree = "<group>"; };
		1E9B04FE25A66B2900757FE0 /* BookmarkView.swift */ = {isa = PBXFileReference; lastKnownFileType = sourcecode.swift; path = BookmarkView.swift; sourceTree = "<group>"; };
		1E9C79FE254E3DB800D3FAD9 /* CategoryViewCardList.swift */ = {isa = PBXFileReference; lastKnownFileType = sourcecode.swift; path = CategoryViewCardList.swift; sourceTree = "<group>"; };
		1E9FB3692517D7CB002DFEB0 /* VideoPlayerControlls.swift */ = {isa = PBXFileReference; lastKnownFileType = sourcecode.swift; path = VideoPlayerControlls.swift; sourceTree = "<group>"; };
		1E9FB36E2517D8E3002DFEB0 /* VideoProgressBar.swift */ = {isa = PBXFileReference; lastKnownFileType = sourcecode.swift; path = VideoProgressBar.swift; sourceTree = "<group>"; };
		1E9FB3732517D92F002DFEB0 /* VideoPlayer.swift */ = {isa = PBXFileReference; lastKnownFileType = sourcecode.swift; path = VideoPlayer.swift; sourceTree = "<group>"; };
		1E9FB3882517DEB0002DFEB0 /* SizeShadowModifierImage.swift */ = {isa = PBXFileReference; lastKnownFileType = sourcecode.swift; path = SizeShadowModifierImage.swift; sourceTree = "<group>"; };
		1EA30FC324FC37D800B06BF0 /* WebViewModel.swift */ = {isa = PBXFileReference; lastKnownFileType = sourcecode.swift; path = WebViewModel.swift; sourceTree = "<group>"; };
		1EA79A2524C0E27B00E45A86 /* MotivationalApp.app */ = {isa = PBXFileReference; explicitFileType = wrapper.application; includeInIndex = 0; path = MotivationalApp.app; sourceTree = BUILT_PRODUCTS_DIR; };
		1EA79A2824C0E27B00E45A86 /* AppDelegate.swift */ = {isa = PBXFileReference; lastKnownFileType = sourcecode.swift; path = AppDelegate.swift; sourceTree = "<group>"; };
		1EA79A2A24C0E27B00E45A86 /* SceneDelegate.swift */ = {isa = PBXFileReference; lastKnownFileType = sourcecode.swift; path = SceneDelegate.swift; sourceTree = "<group>"; };
		1EA79A2C24C0E27B00E45A86 /* ContentView.swift */ = {isa = PBXFileReference; lastKnownFileType = sourcecode.swift; path = ContentView.swift; sourceTree = "<group>"; };
		1EA79A2E24C0E27C00E45A86 /* Assets.xcassets */ = {isa = PBXFileReference; lastKnownFileType = folder.assetcatalog; path = Assets.xcassets; sourceTree = "<group>"; };
		1EA79A3124C0E27C00E45A86 /* Preview Assets.xcassets */ = {isa = PBXFileReference; lastKnownFileType = folder.assetcatalog; path = "Preview Assets.xcassets"; sourceTree = "<group>"; };
		1EA79A3424C0E27C00E45A86 /* Base */ = {isa = PBXFileReference; lastKnownFileType = file.storyboard; name = Base; path = Base.lproj/LaunchScreen.storyboard; sourceTree = "<group>"; };
		1EA79A3624C0E27C00E45A86 /* Info.plist */ = {isa = PBXFileReference; lastKnownFileType = text.plist.xml; path = Info.plist; sourceTree = "<group>"; };
		1EA79A3B24C0E27C00E45A86 /* MotivationalAppTests.xctest */ = {isa = PBXFileReference; explicitFileType = wrapper.cfbundle; includeInIndex = 0; path = MotivationalAppTests.xctest; sourceTree = BUILT_PRODUCTS_DIR; };
		1EA79A3F24C0E27C00E45A86 /* MotivationalAppTests.swift */ = {isa = PBXFileReference; lastKnownFileType = sourcecode.swift; path = MotivationalAppTests.swift; sourceTree = "<group>"; };
		1EA79A4124C0E27C00E45A86 /* Info.plist */ = {isa = PBXFileReference; lastKnownFileType = text.plist.xml; path = Info.plist; sourceTree = "<group>"; };
		1EA79A4624C0E27C00E45A86 /* MotivationalAppUITests.xctest */ = {isa = PBXFileReference; explicitFileType = wrapper.cfbundle; includeInIndex = 0; path = MotivationalAppUITests.xctest; sourceTree = BUILT_PRODUCTS_DIR; };
		1EA79A4A24C0E27C00E45A86 /* MotivationalAppUITests.swift */ = {isa = PBXFileReference; lastKnownFileType = sourcecode.swift; path = MotivationalAppUITests.swift; sourceTree = "<group>"; };
		1EA79A4C24C0E27C00E45A86 /* Info.plist */ = {isa = PBXFileReference; lastKnownFileType = text.plist.xml; path = Info.plist; sourceTree = "<group>"; };
		1EA8AA1525521A0A0013031E /* VideoPlayerCoverUpYoutubeTrademarks.swift */ = {isa = PBXFileReference; lastKnownFileType = sourcecode.swift; path = VideoPlayerCoverUpYoutubeTrademarks.swift; sourceTree = "<group>"; };
		1EC35B6225922F79001C57FD /* MotivationalApp.entitlements */ = {isa = PBXFileReference; lastKnownFileType = text.plist.entitlements; path = MotivationalApp.entitlements; sourceTree = "<group>"; };
		1EC35B7225923548001C57FD /* VideoIDFetcherInfo.swift */ = {isa = PBXFileReference; lastKnownFileType = sourcecode.swift; path = VideoIDFetcherInfo.swift; sourceTree = "<group>"; };
		1EC764C4259A815600802BC6 /* SpinnerProgressIndicator.swift */ = {isa = PBXFileReference; lastKnownFileType = sourcecode.swift; path = SpinnerProgressIndicator.swift; sourceTree = "<group>"; };
		1ECD68DC25BF726300E67504 /* DeleteButtonStyle.swift */ = {isa = PBXFileReference; lastKnownFileType = sourcecode.swift; path = DeleteButtonStyle.swift; sourceTree = "<group>"; };
		1ECD68E125BF72CB00E67504 /* CategoryViewCardButtonStyle.swift */ = {isa = PBXFileReference; lastKnownFileType = sourcecode.swift; path = CategoryViewCardButtonStyle.swift; sourceTree = "<group>"; };
		1ECD68E625BF72FD00E67504 /* VideoPlayerControllsButtonStyle.swift */ = {isa = PBXFileReference; lastKnownFileType = sourcecode.swift; path = VideoPlayerControllsButtonStyle.swift; sourceTree = "<group>"; };
		1ECD68EB25BF73F400E67504 /* VideoPlayerAdditionalControllsButtonStyle.swift */ = {isa = PBXFileReference; lastKnownFileType = sourcecode.swift; path = VideoPlayerAdditionalControllsButtonStyle.swift; sourceTree = "<group>"; };
		1ECD68F025BF745100E67504 /* BookmarkViewTitleModifier.swift */ = {isa = PBXFileReference; lastKnownFileType = sourcecode.swift; path = BookmarkViewTitleModifier.swift; sourceTree = "<group>"; };
		1ED35B6325967B8600BF657C /* BannerAdmob.swift */ = {isa = PBXFileReference; fileEncoding = 4; lastKnownFileType = sourcecode.swift; path = BannerAdmob.swift; sourceTree = "<group>"; };
		1ED35B682596A09100BF657C /* BannerAdmobSize.swift */ = {isa = PBXFileReference; lastKnownFileType = sourcecode.swift; path = BannerAdmobSize.swift; sourceTree = "<group>"; };
		1EE2EDD925A2867200C0B9C7 /* Indicator.swift */ = {isa = PBXFileReference; lastKnownFileType = sourcecode.swift; path = Indicator.swift; sourceTree = "<group>"; };
		1EEA2A6325B3844700148A5C /* VideoSaved.swift */ = {isa = PBXFileReference; lastKnownFileType = sourcecode.swift; path = VideoSaved.swift; sourceTree = "<group>"; };
		1EEBE8612593FD9E009D8CC6 /* CategoryViewData.swift */ = {isa = PBXFileReference; lastKnownFileType = sourcecode.swift; path = CategoryViewData.swift; sourceTree = "<group>"; };
		1EEDB60A24EDAA02008CEB7A /* webView.swift */ = {isa = PBXFileReference; lastKnownFileType = sourcecode.swift; path = webView.swift; sourceTree = "<group>"; };
		1EEF61B425A9255A009884EF /* BookmarkViewImage.swift */ = {isa = PBXFileReference; lastKnownFileType = sourcecode.swift; path = BookmarkViewImage.swift; sourceTree = "<group>"; };
		1EEF61B925A92622009884EF /* BookmarkViewOverlay.swift */ = {isa = PBXFileReference; lastKnownFileType = sourcecode.swift; path = BookmarkViewOverlay.swift; sourceTree = "<group>"; };
		1EEF61BE25A926B4009884EF /* BookmarkOverlayView.swift */ = {isa = PBXFileReference; lastKnownFileType = sourcecode.swift; path = BookmarkOverlayView.swift; sourceTree = "<group>"; };
		1EF9E25625C355C200B920E4 /* MotivationalSpeakersOne.swift */ = {isa = PBXFileReference; lastKnownFileType = sourcecode.swift; path = MotivationalSpeakersOne.swift; sourceTree = "<group>"; };
		1EF9E25E25C3571F00B920E4 /* Relationships.swift */ = {isa = PBXFileReference; lastKnownFileType = sourcecode.swift; path = Relationships.swift; sourceTree = "<group>"; };
		1EF9E26325C357B100B920E4 /* Mindset.swift */ = {isa = PBXFileReference; lastKnownFileType = sourcecode.swift; path = Mindset.swift; sourceTree = "<group>"; };
		1EF9E26825C3595200B920E4 /* Everyday.swift */ = {isa = PBXFileReference; lastKnownFileType = sourcecode.swift; path = Everyday.swift; sourceTree = "<group>"; };
		1EF9E26D25C35A8F00B920E4 /* FemaleMotivationSpeakers.swift */ = {isa = PBXFileReference; lastKnownFileType = sourcecode.swift; path = FemaleMotivationSpeakers.swift; sourceTree = "<group>"; };
		1EF9E27225C35BDA00B920E4 /* Health.swift */ = {isa = PBXFileReference; lastKnownFileType = sourcecode.swift; path = Health.swift; sourceTree = "<group>"; };
		1EF9E27725C35CA900B920E4 /* FiguresOne .swift */ = {isa = PBXFileReference; lastKnownFileType = sourcecode.swift; path = "FiguresOne .swift"; sourceTree = "<group>"; };
		1EF9E27C25C35DA900B920E4 /* FiguresTwo.swift */ = {isa = PBXFileReference; lastKnownFileType = sourcecode.swift; path = FiguresTwo.swift; sourceTree = "<group>"; };
		1EF9E28125C35EA000B920E4 /* MotivationalSpeakersTwo.swift */ = {isa = PBXFileReference; lastKnownFileType = sourcecode.swift; path = MotivationalSpeakersTwo.swift; sourceTree = "<group>"; };
		1EFD52CC253396B8008AE487 /* CategoryViewSection.swift */ = {isa = PBXFileReference; lastKnownFileType = sourcecode.swift; path = CategoryViewSection.swift; sourceTree = "<group>"; };
		1EFD52D12533A178008AE487 /* CategoryView.swift */ = {isa = PBXFileReference; lastKnownFileType = sourcecode.swift; path = CategoryView.swift; sourceTree = "<group>"; };
		6EEA219A2CE247E4DB9FC216 /* Pods-MotivationalApp.release.xcconfig */ = {isa = PBXFileReference; includeInIndex = 1; lastKnownFileType = text.xcconfig; name = "Pods-MotivationalApp.release.xcconfig"; path = "Target Support Files/Pods-MotivationalApp/Pods-MotivationalApp.release.xcconfig"; sourceTree = "<group>"; };
		83F00DB2ACA2C64482F25467 /* Pods-MotivationalApp-MotivationalAppUITests.release.xcconfig */ = {isa = PBXFileReference; includeInIndex = 1; lastKnownFileType = text.xcconfig; name = "Pods-MotivationalApp-MotivationalAppUITests.release.xcconfig"; path = "Target Support Files/Pods-MotivationalApp-MotivationalAppUITests/Pods-MotivationalApp-MotivationalAppUITests.release.xcconfig"; sourceTree = "<group>"; };
		84626D66C17E4C42ED3D0389 /* Pods-MotivationalApp-MotivationalAppUITests.debug.xcconfig */ = {isa = PBXFileReference; includeInIndex = 1; lastKnownFileType = text.xcconfig; name = "Pods-MotivationalApp-MotivationalAppUITests.debug.xcconfig"; path = "Target Support Files/Pods-MotivationalApp-MotivationalAppUITests/Pods-MotivationalApp-MotivationalAppUITests.debug.xcconfig"; sourceTree = "<group>"; };
		8736B4E94C7C4CF8BE30F80E /* Pods_MotivationalApp_MotivationalAppUITests.framework */ = {isa = PBXFileReference; explicitFileType = wrapper.framework; includeInIndex = 0; path = Pods_MotivationalApp_MotivationalAppUITests.framework; sourceTree = BUILT_PRODUCTS_DIR; };
		DB8F6BB4F9B32B8A1007BEF1 /* Pods_MotivationalApp.framework */ = {isa = PBXFileReference; explicitFileType = wrapper.framework; includeInIndex = 0; path = Pods_MotivationalApp.framework; sourceTree = BUILT_PRODUCTS_DIR; };
		E072E9CCBE2EE79C54A166D9 /* Pods-MotivationalApp.debug.xcconfig */ = {isa = PBXFileReference; includeInIndex = 1; lastKnownFileType = text.xcconfig; name = "Pods-MotivationalApp.debug.xcconfig"; path = "Target Support Files/Pods-MotivationalApp/Pods-MotivationalApp.debug.xcconfig"; sourceTree = "<group>"; };
		FC58AFC5ED0B52A8621B83F1 /* Pods-MotivationalAppTests.debug.xcconfig */ = {isa = PBXFileReference; includeInIndex = 1; lastKnownFileType = text.xcconfig; name = "Pods-MotivationalAppTests.debug.xcconfig"; path = "Target Support Files/Pods-MotivationalAppTests/Pods-MotivationalAppTests.debug.xcconfig"; sourceTree = "<group>"; };
/* End PBXFileReference section */

/* Begin PBXFrameworksBuildPhase section */
		1EA79A2224C0E27B00E45A86 /* Frameworks */ = {
			isa = PBXFrameworksBuildPhase;
			buildActionMask = 2147483647;
			files = (
				1E20A92025B1D84600621426 /* Kingfisher in Frameworks */,
				38BDF39965856052F59114D2 /* Pods_MotivationalApp.framework in Frameworks */,
			);
			runOnlyForDeploymentPostprocessing = 0;
		};
		1EA79A3824C0E27C00E45A86 /* Frameworks */ = {
			isa = PBXFrameworksBuildPhase;
			buildActionMask = 2147483647;
			files = (
				D89E183E6C960811E062ACCB /* Pods_MotivationalAppTests.framework in Frameworks */,
			);
			runOnlyForDeploymentPostprocessing = 0;
		};
		1EA79A4324C0E27C00E45A86 /* Frameworks */ = {
			isa = PBXFrameworksBuildPhase;
			buildActionMask = 2147483647;
			files = (
				5AFC19B58EFB5DC54A31A127 /* Pods_MotivationalApp_MotivationalAppUITests.framework in Frameworks */,
			);
			runOnlyForDeploymentPostprocessing = 0;
		};
/* End PBXFrameworksBuildPhase section */

/* Begin PBXGroup section */
		1E50F6FD253B9B4D00244E51 /* Network */ = {
			isa = PBXGroup;
			children = (
				1E56E64E254CEA3700B04773 /* VideoIDFetcher.swift */,
			);
			path = Network;
			sourceTree = "<group>";
		};
		1E71330B25A103A5002B1C35 /* SettingViews */ = {
			isa = PBXGroup;
			children = (
				1E71330C25A103E1002B1C35 /* SettingView.swift */,
				1EEF61C325A9279C009884EF /* BookmarkViewAndCompontents */,
				1EEF61C425A927BF009884EF /* ShareViewAndCompontents */,
				1EEF61C525A927F4009884EF /* FeedbackViewAndComponents */,
			);
			path = SettingViews;
			sourceTree = "<group>";
		};
		1E89CB2D25338AB5004A9110 /* CategoryViews */ = {
			isa = PBXGroup;
			children = (
				1E89CB2825338A9F004A9110 /* CategoryViewCard.swift */,
				1E9C79FE254E3DB800D3FAD9 /* CategoryViewCardList.swift */,
				1EFD52CC253396B8008AE487 /* CategoryViewSection.swift */,
				1EFD52D12533A178008AE487 /* CategoryView.swift */,
			);
			path = CategoryViews;
			sourceTree = "<group>";
		};
		1E9FB35A2517CC04002DFEB0 /* Extensions */ = {
			isa = PBXGroup;
			children = (
				1ECD68DB25BF723300E67504 /* ButtonStyles */,
				1E9FB3882517DEB0002DFEB0 /* SizeShadowModifierImage.swift */,
				1ECD68F025BF745100E67504 /* BookmarkViewTitleModifier.swift */,
				1E75496925C0C049005D7544 /* ViewEXt.swift */,
			);
			path = Extensions;
			sourceTree = "<group>";
		};
		1E9FB35C2517CC25002DFEB0 /* CustomViews */ = {
			isa = PBXGroup;
			children = (
				1E08E66A25A13331001E9ACE /* SettingsViewLabel.swift */,
				1EEDB60A24EDAA02008CEB7A /* webView.swift */,
				1ED35B6325967B8600BF657C /* BannerAdmob.swift */,
				1E2300152597E3FB00B6B9C6 /* InterstitialAdmob.swift */,
				1EE2EDD925A2867200C0B9C7 /* Indicator.swift */,
			);
			path = CustomViews;
			sourceTree = "<group>";
		};
		1E9FB35D2517CC37002DFEB0 /* Models */ = {
			isa = PBXGroup;
			children = (
				1ECD68DA25BF71F900E67504 /* Observable Objects */,
				1EEBE8662593FDC5009D8CC6 /* CategoryDataSections */,
				1E50F706253B9D4400244E51 /* VideoIDModel.swift */,
				1EEBE8612593FD9E009D8CC6 /* CategoryViewData.swift */,
				1E2300102597DD3000B6B9C6 /* RandomInterstitalAds.swift */,
			);
			path = Models;
			sourceTree = "<group>";
		};
		1E9FB38E2517DF40002DFEB0 /* VideoPlayerAndComponents */ = {
			isa = PBXGroup;
			children = (
				1E9FB3732517D92F002DFEB0 /* VideoPlayer.swift */,
				1E9FB3692517D7CB002DFEB0 /* VideoPlayerControlls.swift */,
				1E9FB36E2517D8E3002DFEB0 /* VideoProgressBar.swift */,
				1E296CEE253CCB83002A0C5E /* VideoPlayerAdditionalControlls.swift */,
				1E08CC4025B47B3800C8D9EC /* VideoPlayerAditionalPlayerControllsController.swift */,
				1EA8AA1525521A0A0013031E /* VideoPlayerCoverUpYoutubeTrademarks.swift */,
				1EC764C4259A815600802BC6 /* SpinnerProgressIndicator.swift */,
			);
			path = VideoPlayerAndComponents;
			sourceTree = "<group>";
		};
		1EA79A1C24C0E27B00E45A86 = {
			isa = PBXGroup;
			children = (
				1EA79A2724C0E27B00E45A86 /* MotivationalApp */,
				1EA79A3E24C0E27C00E45A86 /* MotivationalAppTests */,
				1EA79A4924C0E27C00E45A86 /* MotivationalAppUITests */,
				1EA79A2624C0E27B00E45A86 /* Products */,
				741CD8FD24EADE12C2EBD414 /* Pods */,
				AF49E0118D1BC0D6BBA209A3 /* Frameworks */,
			);
			sourceTree = "<group>";
		};
		1EA79A2624C0E27B00E45A86 /* Products */ = {
			isa = PBXGroup;
			children = (
				1EA79A2524C0E27B00E45A86 /* MotivationalApp.app */,
				1EA79A3B24C0E27C00E45A86 /* MotivationalAppTests.xctest */,
				1EA79A4624C0E27C00E45A86 /* MotivationalAppUITests.xctest */,
			);
			name = Products;
			sourceTree = "<group>";
		};
		1EA79A2724C0E27B00E45A86 /* MotivationalApp */ = {
			isa = PBXGroup;
			children = (
				1EC35B6225922F79001C57FD /* MotivationalApp.entitlements */,
				1EA79A2824C0E27B00E45A86 /* AppDelegate.swift */,
				1EA79A2A24C0E27B00E45A86 /* SceneDelegate.swift */,
				1EA79A2C24C0E27B00E45A86 /* ContentView.swift */,
				1E71330B25A103A5002B1C35 /* SettingViews */,
				1E89CB2D25338AB5004A9110 /* CategoryViews */,
				1E9FB38E2517DF40002DFEB0 /* VideoPlayerAndComponents */,
				1E9FB35D2517CC37002DFEB0 /* Models */,
				1E9FB35C2517CC25002DFEB0 /* CustomViews */,
				1E50F6FD253B9B4D00244E51 /* Network */,
				1E9FB35A2517CC04002DFEB0 /* Extensions */,
				1E9B04F525A66A0A00757FE0 /* MotivationalApp.xcdatamodeld */,
				1EA79A3324C0E27C00E45A86 /* LaunchScreen.storyboard */,
				1EA79A2E24C0E27C00E45A86 /* Assets.xcassets */,
				1EA79A3624C0E27C00E45A86 /* Info.plist */,
				1EA79A3024C0E27C00E45A86 /* Preview Content */,
			);
			path = MotivationalApp;
			sourceTree = "<group>";
		};
		1EA79A3024C0E27C00E45A86 /* Preview Content */ = {
			isa = PBXGroup;
			children = (
				1EA79A3124C0E27C00E45A86 /* Preview Assets.xcassets */,
			);
			path = "Preview Content";
			sourceTree = "<group>";
		};
		1EA79A3E24C0E27C00E45A86 /* MotivationalAppTests */ = {
			isa = PBXGroup;
			children = (
				1EA79A3F24C0E27C00E45A86 /* MotivationalAppTests.swift */,
				1EA79A4124C0E27C00E45A86 /* Info.plist */,
			);
			path = MotivationalAppTests;
			sourceTree = "<group>";
		};
		1EA79A4924C0E27C00E45A86 /* MotivationalAppUITests */ = {
			isa = PBXGroup;
			children = (
				1EA79A4A24C0E27C00E45A86 /* MotivationalAppUITests.swift */,
				1EA79A4C24C0E27C00E45A86 /* Info.plist */,
			);
			path = MotivationalAppUITests;
			sourceTree = "<group>";
		};
		1ECD68DA25BF71F900E67504 /* Observable Objects */ = {
			isa = PBXGroup;
			children = (
				1EA30FC324FC37D800B06BF0 /* WebViewModel.swift */,
				1E296CF9253CDFE3002A0C5E /* CategoryViewSettings.swift */,
				1EC35B7225923548001C57FD /* VideoIDFetcherInfo.swift */,
				1EEA2A6325B3844700148A5C /* VideoSaved.swift */,
				1ED35B682596A09100BF657C /* BannerAdmobSize.swift */,
				1E85A0BC25B1B43B001A1CC2 /* CoreDataFunctions.swift */,
			);
			path = "Observable Objects";
			sourceTree = "<group>";
		};
		1ECD68DB25BF723300E67504 /* ButtonStyles */ = {
			isa = PBXGroup;
			children = (
				1ECD68DC25BF726300E67504 /* DeleteButtonStyle.swift */,
				1ECD68E125BF72CB00E67504 /* CategoryViewCardButtonStyle.swift */,
				1ECD68E625BF72FD00E67504 /* VideoPlayerControllsButtonStyle.swift */,
				1ECD68EB25BF73F400E67504 /* VideoPlayerAdditionalControllsButtonStyle.swift */,
			);
			path = ButtonStyles;
			sourceTree = "<group>";
		};
		1EEBE8662593FDC5009D8CC6 /* CategoryDataSections */ = {
			isa = PBXGroup;
			children = (
				1EF9E25625C355C200B920E4 /* MotivationalSpeakersOne.swift */,
				1EF9E25E25C3571F00B920E4 /* Relationships.swift */,
				1EF9E26325C357B100B920E4 /* Mindset.swift */,
				1EF9E26825C3595200B920E4 /* Everyday.swift */,
				1EF9E26D25C35A8F00B920E4 /* FemaleMotivationSpeakers.swift */,
				1EF9E27225C35BDA00B920E4 /* Health.swift */,
				1EF9E27725C35CA900B920E4 /* FiguresOne .swift */,
				1EF9E27C25C35DA900B920E4 /* FiguresTwo.swift */,
				1EF9E28125C35EA000B920E4 /* MotivationalSpeakersTwo.swift */,
			);
			path = CategoryDataSections;
			sourceTree = "<group>";
		};
		1EEF61C325A9279C009884EF /* BookmarkViewAndCompontents */ = {
			isa = PBXGroup;
			children = (
				1E08E67225A135D2001E9ACE /* Bookmarks.swift */,
				1E9B04FE25A66B2900757FE0 /* BookmarkView.swift */,
				1E78439325B9659A009906F7 /* NoBookmarkedView.swift */,
				1EEF61BE25A926B4009884EF /* BookmarkOverlayView.swift */,
				1EEF61B925A92622009884EF /* BookmarkViewOverlay.swift */,
				1EEF61B425A9255A009884EF /* BookmarkViewImage.swift */,
			);
			path = BookmarkViewAndCompontents;
			sourceTree = "<group>";
		};
		1EEF61C425A927BF009884EF /* ShareViewAndCompontents */ = {
			isa = PBXGroup;
			children = (
				1E08E67725A135FA001E9ACE /* ShareWithFriends.swift */,
				1E08E68925A13B18001E9ACE /* ShareSheet.swift */,
			);
			path = ShareViewAndCompontents;
			sourceTree = "<group>";
		};
		1EEF61C525A927F4009884EF /* FeedbackViewAndComponents */ = {
			isa = PBXGroup;
			children = (
				1E08E67C25A1361F001E9ACE /* SendFeedback.swift */,
				1E08E68E25A141D7001E9ACE /* MailView.swift */,
			);
			path = FeedbackViewAndComponents;
			sourceTree = "<group>";
		};
		741CD8FD24EADE12C2EBD414 /* Pods */ = {
			isa = PBXGroup;
			children = (
				E072E9CCBE2EE79C54A166D9 /* Pods-MotivationalApp.debug.xcconfig */,
				6EEA219A2CE247E4DB9FC216 /* Pods-MotivationalApp.release.xcconfig */,
				84626D66C17E4C42ED3D0389 /* Pods-MotivationalApp-MotivationalAppUITests.debug.xcconfig */,
				83F00DB2ACA2C64482F25467 /* Pods-MotivationalApp-MotivationalAppUITests.release.xcconfig */,
				FC58AFC5ED0B52A8621B83F1 /* Pods-MotivationalAppTests.debug.xcconfig */,
				06D3E03E6AC52B0D0FBAEB0E /* Pods-MotivationalAppTests.release.xcconfig */,
			);
			path = Pods;
			sourceTree = "<group>";
		};
		AF49E0118D1BC0D6BBA209A3 /* Frameworks */ = {
			isa = PBXGroup;
			children = (
				DB8F6BB4F9B32B8A1007BEF1 /* Pods_MotivationalApp.framework */,
				8736B4E94C7C4CF8BE30F80E /* Pods_MotivationalApp_MotivationalAppUITests.framework */,
				003EE3417342AFEE76BC8000 /* Pods_MotivationalAppTests.framework */,
			);
			name = Frameworks;
			sourceTree = "<group>";
		};
/* End PBXGroup section */

/* Begin PBXNativeTarget section */
		1EA79A2424C0E27B00E45A86 /* MotivationalApp */ = {
			isa = PBXNativeTarget;
			buildConfigurationList = 1EA79A4F24C0E27C00E45A86 /* Build configuration list for PBXNativeTarget "MotivationalApp" */;
			buildPhases = (
				FF1E8FB45FDF90E3D8ECF460 /* [CP] Check Pods Manifest.lock */,
				1EA79A2124C0E27B00E45A86 /* Sources */,
				1EA79A2224C0E27B00E45A86 /* Frameworks */,
				1EA79A2324C0E27B00E45A86 /* Resources */,
				8697CD1F807089C46D4173C9 /* [CP] Embed Pods Frameworks */,
			);
			buildRules = (
			);
			dependencies = (
			);
			name = MotivationalApp;
			packageProductDependencies = (
				1E20A91F25B1D84600621426 /* Kingfisher */,
			);
			productName = MotivationalApp;
			productReference = 1EA79A2524C0E27B00E45A86 /* MotivationalApp.app */;
			productType = "com.apple.product-type.application";
		};
		1EA79A3A24C0E27C00E45A86 /* MotivationalAppTests */ = {
			isa = PBXNativeTarget;
			buildConfigurationList = 1EA79A5224C0E27C00E45A86 /* Build configuration list for PBXNativeTarget "MotivationalAppTests" */;
			buildPhases = (
				D144E90FEB7D529F342EFB23 /* [CP] Check Pods Manifest.lock */,
				1EA79A3724C0E27C00E45A86 /* Sources */,
				1EA79A3824C0E27C00E45A86 /* Frameworks */,
				1EA79A3924C0E27C00E45A86 /* Resources */,
			);
			buildRules = (
			);
			dependencies = (
				1EA79A3D24C0E27C00E45A86 /* PBXTargetDependency */,
			);
			name = MotivationalAppTests;
			productName = MotivationalAppTests;
			productReference = 1EA79A3B24C0E27C00E45A86 /* MotivationalAppTests.xctest */;
			productType = "com.apple.product-type.bundle.unit-test";
		};
		1EA79A4524C0E27C00E45A86 /* MotivationalAppUITests */ = {
			isa = PBXNativeTarget;
			buildConfigurationList = 1EA79A5524C0E27C00E45A86 /* Build configuration list for PBXNativeTarget "MotivationalAppUITests" */;
			buildPhases = (
				3E34B83A524EF55FD25FE34E /* [CP] Check Pods Manifest.lock */,
				1EA79A4224C0E27C00E45A86 /* Sources */,
				1EA79A4324C0E27C00E45A86 /* Frameworks */,
				1EA79A4424C0E27C00E45A86 /* Resources */,
				533FA64E2C1019B06109D404 /* [CP] Embed Pods Frameworks */,
			);
			buildRules = (
			);
			dependencies = (
				1EA79A4824C0E27C00E45A86 /* PBXTargetDependency */,
			);
			name = MotivationalAppUITests;
			productName = MotivationalAppUITests;
			productReference = 1EA79A4624C0E27C00E45A86 /* MotivationalAppUITests.xctest */;
			productType = "com.apple.product-type.bundle.ui-testing";
		};
/* End PBXNativeTarget section */

/* Begin PBXProject section */
		1EA79A1D24C0E27B00E45A86 /* Project object */ = {
			isa = PBXProject;
			attributes = {
				LastSwiftUpdateCheck = 1200;
				LastUpgradeCheck = 1200;
				TargetAttributes = {
					1EA79A2424C0E27B00E45A86 = {
						CreatedOnToolsVersion = 12.0;
					};
					1EA79A3A24C0E27C00E45A86 = {
						CreatedOnToolsVersion = 12.0;
						TestTargetID = 1EA79A2424C0E27B00E45A86;
					};
					1EA79A4524C0E27C00E45A86 = {
						CreatedOnToolsVersion = 12.0;
						TestTargetID = 1EA79A2424C0E27B00E45A86;
					};
				};
			};
			buildConfigurationList = 1EA79A2024C0E27B00E45A86 /* Build configuration list for PBXProject "MotivationalApp" */;
			compatibilityVersion = "Xcode 9.3";
			developmentRegion = en;
			hasScannedForEncodings = 0;
			knownRegions = (
				en,
				Base,
			);
			mainGroup = 1EA79A1C24C0E27B00E45A86;
			packageReferences = (
				1E20A91E25B1D84600621426 /* XCRemoteSwiftPackageReference "Kingfisher" */,
			);
			productRefGroup = 1EA79A2624C0E27B00E45A86 /* Products */;
			projectDirPath = "";
			projectRoot = "";
			targets = (
				1EA79A2424C0E27B00E45A86 /* MotivationalApp */,
				1EA79A3A24C0E27C00E45A86 /* MotivationalAppTests */,
				1EA79A4524C0E27C00E45A86 /* MotivationalAppUITests */,
			);
		};
/* End PBXProject section */

/* Begin PBXResourcesBuildPhase section */
		1EA79A2324C0E27B00E45A86 /* Resources */ = {
			isa = PBXResourcesBuildPhase;
			buildActionMask = 2147483647;
			files = (
				1EA79A3524C0E27C00E45A86 /* LaunchScreen.storyboard in Resources */,
				1EA79A3224C0E27C00E45A86 /* Preview Assets.xcassets in Resources */,
				1EA79A2F24C0E27C00E45A86 /* Assets.xcassets in Resources */,
			);
			runOnlyForDeploymentPostprocessing = 0;
		};
		1EA79A3924C0E27C00E45A86 /* Resources */ = {
			isa = PBXResourcesBuildPhase;
			buildActionMask = 2147483647;
			files = (
			);
			runOnlyForDeploymentPostprocessing = 0;
		};
		1EA79A4424C0E27C00E45A86 /* Resources */ = {
			isa = PBXResourcesBuildPhase;
			buildActionMask = 2147483647;
			files = (
			);
			runOnlyForDeploymentPostprocessing = 0;
		};
/* End PBXResourcesBuildPhase section */

/* Begin PBXShellScriptBuildPhase section */
		3E34B83A524EF55FD25FE34E /* [CP] Check Pods Manifest.lock */ = {
			isa = PBXShellScriptBuildPhase;
			buildActionMask = 2147483647;
			files = (
			);
			inputFileListPaths = (
			);
			inputPaths = (
				"${PODS_PODFILE_DIR_PATH}/Podfile.lock",
				"${PODS_ROOT}/Manifest.lock",
			);
			name = "[CP] Check Pods Manifest.lock";
			outputFileListPaths = (
			);
			outputPaths = (
				"$(DERIVED_FILE_DIR)/Pods-MotivationalApp-MotivationalAppUITests-checkManifestLockResult.txt",
			);
			runOnlyForDeploymentPostprocessing = 0;
			shellPath = /bin/sh;
			shellScript = "diff \"${PODS_PODFILE_DIR_PATH}/Podfile.lock\" \"${PODS_ROOT}/Manifest.lock\" > /dev/null\nif [ $? != 0 ] ; then\n    # print error to STDERR\n    echo \"error: The sandbox is not in sync with the Podfile.lock. Run 'pod install' or update your CocoaPods installation.\" >&2\n    exit 1\nfi\n# This output is used by Xcode 'outputs' to avoid re-running this script phase.\necho \"SUCCESS\" > \"${SCRIPT_OUTPUT_FILE_0}\"\n";
			showEnvVarsInLog = 0;
		};
		533FA64E2C1019B06109D404 /* [CP] Embed Pods Frameworks */ = {
			isa = PBXShellScriptBuildPhase;
			buildActionMask = 2147483647;
			files = (
			);
			inputFileListPaths = (
				"${PODS_ROOT}/Target Support Files/Pods-MotivationalApp-MotivationalAppUITests/Pods-MotivationalApp-MotivationalAppUITests-frameworks-${CONFIGURATION}-input-files.xcfilelist",
			);
			name = "[CP] Embed Pods Frameworks";
			outputFileListPaths = (
				"${PODS_ROOT}/Target Support Files/Pods-MotivationalApp-MotivationalAppUITests/Pods-MotivationalApp-MotivationalAppUITests-frameworks-${CONFIGURATION}-output-files.xcfilelist",
			);
			runOnlyForDeploymentPostprocessing = 0;
			shellPath = /bin/sh;
			shellScript = "\"${PODS_ROOT}/Target Support Files/Pods-MotivationalApp-MotivationalAppUITests/Pods-MotivationalApp-MotivationalAppUITests-frameworks.sh\"\n";
			showEnvVarsInLog = 0;
		};
		8697CD1F807089C46D4173C9 /* [CP] Embed Pods Frameworks */ = {
			isa = PBXShellScriptBuildPhase;
			buildActionMask = 2147483647;
			files = (
			);
			inputFileListPaths = (
				"${PODS_ROOT}/Target Support Files/Pods-MotivationalApp/Pods-MotivationalApp-frameworks-${CONFIGURATION}-input-files.xcfilelist",
			);
			name = "[CP] Embed Pods Frameworks";
			outputFileListPaths = (
				"${PODS_ROOT}/Target Support Files/Pods-MotivationalApp/Pods-MotivationalApp-frameworks-${CONFIGURATION}-output-files.xcfilelist",
			);
			runOnlyForDeploymentPostprocessing = 0;
			shellPath = /bin/sh;
			shellScript = "\"${PODS_ROOT}/Target Support Files/Pods-MotivationalApp/Pods-MotivationalApp-frameworks.sh\"\n";
			showEnvVarsInLog = 0;
		};
		D144E90FEB7D529F342EFB23 /* [CP] Check Pods Manifest.lock */ = {
			isa = PBXShellScriptBuildPhase;
			buildActionMask = 2147483647;
			files = (
			);
			inputFileListPaths = (
			);
			inputPaths = (
				"${PODS_PODFILE_DIR_PATH}/Podfile.lock",
				"${PODS_ROOT}/Manifest.lock",
			);
			name = "[CP] Check Pods Manifest.lock";
			outputFileListPaths = (
			);
			outputPaths = (
				"$(DERIVED_FILE_DIR)/Pods-MotivationalAppTests-checkManifestLockResult.txt",
			);
			runOnlyForDeploymentPostprocessing = 0;
			shellPath = /bin/sh;
			shellScript = "diff \"${PODS_PODFILE_DIR_PATH}/Podfile.lock\" \"${PODS_ROOT}/Manifest.lock\" > /dev/null\nif [ $? != 0 ] ; then\n    # print error to STDERR\n    echo \"error: The sandbox is not in sync with the Podfile.lock. Run 'pod install' or update your CocoaPods installation.\" >&2\n    exit 1\nfi\n# This output is used by Xcode 'outputs' to avoid re-running this script phase.\necho \"SUCCESS\" > \"${SCRIPT_OUTPUT_FILE_0}\"\n";
			showEnvVarsInLog = 0;
		};
		FF1E8FB45FDF90E3D8ECF460 /* [CP] Check Pods Manifest.lock */ = {
			isa = PBXShellScriptBuildPhase;
			buildActionMask = 2147483647;
			files = (
			);
			inputFileListPaths = (
			);
			inputPaths = (
				"${PODS_PODFILE_DIR_PATH}/Podfile.lock",
				"${PODS_ROOT}/Manifest.lock",
			);
			name = "[CP] Check Pods Manifest.lock";
			outputFileListPaths = (
			);
			outputPaths = (
				"$(DERIVED_FILE_DIR)/Pods-MotivationalApp-checkManifestLockResult.txt",
			);
			runOnlyForDeploymentPostprocessing = 0;
			shellPath = /bin/sh;
			shellScript = "diff \"${PODS_PODFILE_DIR_PATH}/Podfile.lock\" \"${PODS_ROOT}/Manifest.lock\" > /dev/null\nif [ $? != 0 ] ; then\n    # print error to STDERR\n    echo \"error: The sandbox is not in sync with the Podfile.lock. Run 'pod install' or update your CocoaPods installation.\" >&2\n    exit 1\nfi\n# This output is used by Xcode 'outputs' to avoid re-running this script phase.\necho \"SUCCESS\" > \"${SCRIPT_OUTPUT_FILE_0}\"\n";
			showEnvVarsInLog = 0;
		};
/* End PBXShellScriptBuildPhase section */

/* Begin PBXSourcesBuildPhase section */
		1EA79A2124C0E27B00E45A86 /* Sources */ = {
			isa = PBXSourcesBuildPhase;
			buildActionMask = 2147483647;
			files = (
				1EF9E26425C357B100B920E4 /* Mindset.swift in Sources */,
				1EC764C5259A815600802BC6 /* SpinnerProgressIndicator.swift in Sources */,
				1EF9E27D25C35DA900B920E4 /* FiguresTwo.swift in Sources */,
				1E08CC4125B47B3800C8D9EC /* VideoPlayerAditionalPlayerControllsController.swift in Sources */,
				1E9FB3892517DEB0002DFEB0 /* SizeShadowModifierImage.swift in Sources */,
				1E9FB3742517D92F002DFEB0 /* VideoPlayer.swift in Sources */,
				1ED35B692596A09100BF657C /* BannerAdmobSize.swift in Sources */,
				1E85A0BD25B1B43B001A1CC2 /* CoreDataFunctions.swift in Sources */,
				1EF9E27325C35BDA00B920E4 /* Health.swift in Sources */,
				1E78439425B9659A009906F7 /* NoBookmarkedView.swift in Sources */,
				1EF9E25F25C3571F00B920E4 /* Relationships.swift in Sources */,
				1EF9E25725C355C200B920E4 /* MotivationalSpeakersOne.swift in Sources */,
				1ECD68E725BF72FD00E67504 /* VideoPlayerControllsButtonStyle.swift in Sources */,
				1EEF61B525A9255A009884EF /* BookmarkViewImage.swift in Sources */,
				1EFD52D22533A178008AE487 /* CategoryView.swift in Sources */,
				1EE2EDDA25A2867200C0B9C7 /* Indicator.swift in Sources */,
				1ED35B6425967B8600BF657C /* BannerAdmob.swift in Sources */,
				1E50F707253B9D4400244E51 /* VideoIDModel.swift in Sources */,
				1EEBE8622593FD9E009D8CC6 /* CategoryViewData.swift in Sources */,
				1ECD68E225BF72CB00E67504 /* CategoryViewCardButtonStyle.swift in Sources */,
				1E9B04F725A66A0A00757FE0 /* MotivationalApp.xcdatamodeld in Sources */,
				1E75496A25C0C049005D7544 /* ViewEXt.swift in Sources */,
				1E56E64F254CEA3700B04773 /* VideoIDFetcher.swift in Sources */,
				1E08E67825A135FA001E9ACE /* ShareWithFriends.swift in Sources */,
				1E08E67325A135D2001E9ACE /* Bookmarks.swift in Sources */,
				1E89CB2925338A9F004A9110 /* CategoryViewCard.swift in Sources */,
				1EF9E28225C35EA000B920E4 /* MotivationalSpeakersTwo.swift in Sources */,
				1EF9E27825C35CA900B920E4 /* FiguresOne .swift in Sources */,
				1E296CEF253CCB83002A0C5E /* VideoPlayerAdditionalControlls.swift in Sources */,
				1EA79A2924C0E27B00E45A86 /* AppDelegate.swift in Sources */,
				1EF9E26925C3595200B920E4 /* Everyday.swift in Sources */,
				1EF9E26E25C35A8F00B920E4 /* FemaleMotivationSpeakers.swift in Sources */,
				1EEA2A6425B3844700148A5C /* VideoSaved.swift in Sources */,
				1EA30FC424FC37D800B06BF0 /* WebViewModel.swift in Sources */,
				1EA8AA1625521A0A0013031E /* VideoPlayerCoverUpYoutubeTrademarks.swift in Sources */,
				1EEDB60B24EDAA02008CEB7A /* webView.swift in Sources */,
				1E08E68F25A141D7001E9ACE /* MailView.swift in Sources */,
				1EEF61BA25A92622009884EF /* BookmarkViewOverlay.swift in Sources */,
				1E9FB36F2517D8E3002DFEB0 /* VideoProgressBar.swift in Sources */,
				1ECD68DD25BF726300E67504 /* DeleteButtonStyle.swift in Sources */,
				1E08E68A25A13B18001E9ACE /* ShareSheet.swift in Sources */,
				1EFD52CD253396B8008AE487 /* CategoryViewSection.swift in Sources */,
				1E9FB36A2517D7CB002DFEB0 /* VideoPlayerControlls.swift in Sources */,
				1EC35B7325923548001C57FD /* VideoIDFetcherInfo.swift in Sources */,
				1E2300112597DD3000B6B9C6 /* RandomInterstitalAds.swift in Sources */,
				1E2300162597E3FB00B6B9C6 /* InterstitialAdmob.swift in Sources */,
				1E08E66B25A13331001E9ACE /* SettingsViewLabel.swift in Sources */,
				1EA79A2B24C0E27B00E45A86 /* SceneDelegate.swift in Sources */,
				1ECD68EC25BF73F400E67504 /* VideoPlayerAdditionalControllsButtonStyle.swift in Sources */,
				1EEF61BF25A926B4009884EF /* BookmarkOverlayView.swift in Sources */,
				1EA79A2D24C0E27B00E45A86 /* ContentView.swift in Sources */,
				1E08E67D25A1361F001E9ACE /* SendFeedback.swift in Sources */,
				1ECD68F125BF745100E67504 /* BookmarkViewTitleModifier.swift in Sources */,
				1E9C79FF254E3DB800D3FAD9 /* CategoryViewCardList.swift in Sources */,
				1E71330D25A103E1002B1C35 /* SettingView.swift in Sources */,
				1E296CFA253CDFE3002A0C5E /* CategoryViewSettings.swift in Sources */,
				1E9B04FF25A66B2900757FE0 /* BookmarkView.swift in Sources */,
			);
			runOnlyForDeploymentPostprocessing = 0;
		};
		1EA79A3724C0E27C00E45A86 /* Sources */ = {
			isa = PBXSourcesBuildPhase;
			buildActionMask = 2147483647;
			files = (
				1EA79A4024C0E27C00E45A86 /* MotivationalAppTests.swift in Sources */,
			);
			runOnlyForDeploymentPostprocessing = 0;
		};
		1EA79A4224C0E27C00E45A86 /* Sources */ = {
			isa = PBXSourcesBuildPhase;
			buildActionMask = 2147483647;
			files = (
				1EA79A4B24C0E27C00E45A86 /* MotivationalAppUITests.swift in Sources */,
			);
			runOnlyForDeploymentPostprocessing = 0;
		};
/* End PBXSourcesBuildPhase section */

/* Begin PBXTargetDependency section */
		1EA79A3D24C0E27C00E45A86 /* PBXTargetDependency */ = {
			isa = PBXTargetDependency;
			target = 1EA79A2424C0E27B00E45A86 /* MotivationalApp */;
			targetProxy = 1EA79A3C24C0E27C00E45A86 /* PBXContainerItemProxy */;
		};
		1EA79A4824C0E27C00E45A86 /* PBXTargetDependency */ = {
			isa = PBXTargetDependency;
			target = 1EA79A2424C0E27B00E45A86 /* MotivationalApp */;
			targetProxy = 1EA79A4724C0E27C00E45A86 /* PBXContainerItemProxy */;
		};
/* End PBXTargetDependency section */

/* Begin PBXVariantGroup section */
		1EA79A3324C0E27C00E45A86 /* LaunchScreen.storyboard */ = {
			isa = PBXVariantGroup;
			children = (
				1EA79A3424C0E27C00E45A86 /* Base */,
			);
			name = LaunchScreen.storyboard;
			sourceTree = "<group>";
		};
/* End PBXVariantGroup section */

/* Begin XCBuildConfiguration section */
		1EA79A4D24C0E27C00E45A86 /* Debug */ = {
			isa = XCBuildConfiguration;
			buildSettings = {
				ALWAYS_SEARCH_USER_PATHS = NO;
				CLANG_ANALYZER_NONNULL = YES;
				CLANG_ANALYZER_NUMBER_OBJECT_CONVERSION = YES_AGGRESSIVE;
				CLANG_CXX_LANGUAGE_STANDARD = "gnu++14";
				CLANG_CXX_LIBRARY = "libc++";
				CLANG_ENABLE_MODULES = YES;
				CLANG_ENABLE_OBJC_ARC = YES;
				CLANG_ENABLE_OBJC_WEAK = YES;
				CLANG_WARN_BLOCK_CAPTURE_AUTORELEASING = YES;
				CLANG_WARN_BOOL_CONVERSION = YES;
				CLANG_WARN_COMMA = YES;
				CLANG_WARN_CONSTANT_CONVERSION = YES;
				CLANG_WARN_DEPRECATED_OBJC_IMPLEMENTATIONS = YES;
				CLANG_WARN_DIRECT_OBJC_ISA_USAGE = YES_ERROR;
				CLANG_WARN_DOCUMENTATION_COMMENTS = YES;
				CLANG_WARN_EMPTY_BODY = YES;
				CLANG_WARN_ENUM_CONVERSION = YES;
				CLANG_WARN_INFINITE_RECURSION = YES;
				CLANG_WARN_INT_CONVERSION = YES;
				CLANG_WARN_NON_LITERAL_NULL_CONVERSION = YES;
				CLANG_WARN_OBJC_IMPLICIT_RETAIN_SELF = YES;
				CLANG_WARN_OBJC_LITERAL_CONVERSION = YES;
				CLANG_WARN_OBJC_ROOT_CLASS = YES_ERROR;
				CLANG_WARN_QUOTED_INCLUDE_IN_FRAMEWORK_HEADER = YES;
				CLANG_WARN_RANGE_LOOP_ANALYSIS = YES;
				CLANG_WARN_STRICT_PROTOTYPES = YES;
				CLANG_WARN_SUSPICIOUS_MOVE = YES;
				CLANG_WARN_UNGUARDED_AVAILABILITY = YES_AGGRESSIVE;
				CLANG_WARN_UNREACHABLE_CODE = YES;
				CLANG_WARN__DUPLICATE_METHOD_MATCH = YES;
				COPY_PHASE_STRIP = NO;
				DEBUG_INFORMATION_FORMAT = dwarf;
				ENABLE_STRICT_OBJC_MSGSEND = YES;
				ENABLE_TESTABILITY = YES;
				GCC_C_LANGUAGE_STANDARD = gnu11;
				GCC_DYNAMIC_NO_PIC = NO;
				GCC_NO_COMMON_BLOCKS = YES;
				GCC_OPTIMIZATION_LEVEL = 0;
				GCC_PREPROCESSOR_DEFINITIONS = (
					"DEBUG=1",
					"$(inherited)",
				);
				GCC_WARN_64_TO_32_BIT_CONVERSION = YES;
				GCC_WARN_ABOUT_RETURN_TYPE = YES_ERROR;
				GCC_WARN_UNDECLARED_SELECTOR = YES;
				GCC_WARN_UNINITIALIZED_AUTOS = YES_AGGRESSIVE;
				GCC_WARN_UNUSED_FUNCTION = YES;
				GCC_WARN_UNUSED_VARIABLE = YES;
				IPHONEOS_DEPLOYMENT_TARGET = 14.0;
				MTL_ENABLE_DEBUG_INFO = INCLUDE_SOURCE;
				MTL_FAST_MATH = YES;
				ONLY_ACTIVE_ARCH = YES;
				SDKROOT = iphoneos;
				SWIFT_ACTIVE_COMPILATION_CONDITIONS = DEBUG;
				SWIFT_OPTIMIZATION_LEVEL = "-Onone";
			};
			name = Debug;
		};
		1EA79A4E24C0E27C00E45A86 /* Release */ = {
			isa = XCBuildConfiguration;
			buildSettings = {
				ALWAYS_SEARCH_USER_PATHS = NO;
				CLANG_ANALYZER_NONNULL = YES;
				CLANG_ANALYZER_NUMBER_OBJECT_CONVERSION = YES_AGGRESSIVE;
				CLANG_CXX_LANGUAGE_STANDARD = "gnu++14";
				CLANG_CXX_LIBRARY = "libc++";
				CLANG_ENABLE_MODULES = YES;
				CLANG_ENABLE_OBJC_ARC = YES;
				CLANG_ENABLE_OBJC_WEAK = YES;
				CLANG_WARN_BLOCK_CAPTURE_AUTORELEASING = YES;
				CLANG_WARN_BOOL_CONVERSION = YES;
				CLANG_WARN_COMMA = YES;
				CLANG_WARN_CONSTANT_CONVERSION = YES;
				CLANG_WARN_DEPRECATED_OBJC_IMPLEMENTATIONS = YES;
				CLANG_WARN_DIRECT_OBJC_ISA_USAGE = YES_ERROR;
				CLANG_WARN_DOCUMENTATION_COMMENTS = YES;
				CLANG_WARN_EMPTY_BODY = YES;
				CLANG_WARN_ENUM_CONVERSION = YES;
				CLANG_WARN_INFINITE_RECURSION = YES;
				CLANG_WARN_INT_CONVERSION = YES;
				CLANG_WARN_NON_LITERAL_NULL_CONVERSION = YES;
				CLANG_WARN_OBJC_IMPLICIT_RETAIN_SELF = YES;
				CLANG_WARN_OBJC_LITERAL_CONVERSION = YES;
				CLANG_WARN_OBJC_ROOT_CLASS = YES_ERROR;
				CLANG_WARN_QUOTED_INCLUDE_IN_FRAMEWORK_HEADER = YES;
				CLANG_WARN_RANGE_LOOP_ANALYSIS = YES;
				CLANG_WARN_STRICT_PROTOTYPES = YES;
				CLANG_WARN_SUSPICIOUS_MOVE = YES;
				CLANG_WARN_UNGUARDED_AVAILABILITY = YES_AGGRESSIVE;
				CLANG_WARN_UNREACHABLE_CODE = YES;
				CLANG_WARN__DUPLICATE_METHOD_MATCH = YES;
				COPY_PHASE_STRIP = NO;
				DEBUG_INFORMATION_FORMAT = "dwarf-with-dsym";
				ENABLE_NS_ASSERTIONS = NO;
				ENABLE_STRICT_OBJC_MSGSEND = YES;
				GCC_C_LANGUAGE_STANDARD = gnu11;
				GCC_NO_COMMON_BLOCKS = YES;
				GCC_WARN_64_TO_32_BIT_CONVERSION = YES;
				GCC_WARN_ABOUT_RETURN_TYPE = YES_ERROR;
				GCC_WARN_UNDECLARED_SELECTOR = YES;
				GCC_WARN_UNINITIALIZED_AUTOS = YES_AGGRESSIVE;
				GCC_WARN_UNUSED_FUNCTION = YES;
				GCC_WARN_UNUSED_VARIABLE = YES;
				IPHONEOS_DEPLOYMENT_TARGET = 14.0;
				MTL_ENABLE_DEBUG_INFO = NO;
				MTL_FAST_MATH = YES;
				SDKROOT = iphoneos;
				SWIFT_COMPILATION_MODE = wholemodule;
				SWIFT_OPTIMIZATION_LEVEL = "-O";
				VALIDATE_PRODUCT = YES;
			};
			name = Release;
		};
		1EA79A5024C0E27C00E45A86 /* Debug */ = {
			isa = XCBuildConfiguration;
			baseConfigurationReference = E072E9CCBE2EE79C54A166D9 /* Pods-MotivationalApp.debug.xcconfig */;
			buildSettings = {
				ASSETCATALOG_COMPILER_APPICON_NAME = AppIcon;
				ASSETCATALOG_COMPILER_GLOBAL_ACCENT_COLOR_NAME = AccentColor;
				CODE_SIGN_ENTITLEMENTS = MotivationalApp/MotivationalApp.entitlements;
				CODE_SIGN_STYLE = Automatic;
				DEVELOPMENT_ASSET_PATHS = "\"MotivationalApp/Preview Content\"";
				DEVELOPMENT_TEAM = 2R9D8RVTAY;
				ENABLE_PREVIEWS = YES;
				INFOPLIST_FILE = MotivationalApp/Info.plist;
				IPHONEOS_DEPLOYMENT_TARGET = 14.0;
				LD_RUNPATH_SEARCH_PATHS = (
					"$(inherited)",
					"@executable_path/Frameworks",
				);
				MARKETING_VERSION = 0.1.0;
				PRODUCT_BUNDLE_IDENTIFIER = com.atheersalim.MotivationalApp;
				PRODUCT_NAME = "$(TARGET_NAME)";
				SWIFT_VERSION = 5.0;
				TARGETED_DEVICE_FAMILY = "1,2";
			};
			name = Debug;
		};
		1EA79A5124C0E27C00E45A86 /* Release */ = {
			isa = XCBuildConfiguration;
			baseConfigurationReference = 6EEA219A2CE247E4DB9FC216 /* Pods-MotivationalApp.release.xcconfig */;
			buildSettings = {
				ASSETCATALOG_COMPILER_APPICON_NAME = AppIcon;
				ASSETCATALOG_COMPILER_GLOBAL_ACCENT_COLOR_NAME = AccentColor;
				CODE_SIGN_ENTITLEMENTS = MotivationalApp/MotivationalApp.entitlements;
				CODE_SIGN_STYLE = Automatic;
				DEVELOPMENT_ASSET_PATHS = "\"MotivationalApp/Preview Content\"";
				DEVELOPMENT_TEAM = 2R9D8RVTAY;
				ENABLE_PREVIEWS = YES;
				INFOPLIST_FILE = MotivationalApp/Info.plist;
				IPHONEOS_DEPLOYMENT_TARGET = 14.0;
				LD_RUNPATH_SEARCH_PATHS = (
					"$(inherited)",
					"@executable_path/Frameworks",
				);
				MARKETING_VERSION = 0.1.0;
				PRODUCT_BUNDLE_IDENTIFIER = com.atheersalim.MotivationalApp;
				PRODUCT_NAME = "$(TARGET_NAME)";
				SWIFT_VERSION = 5.0;
				TARGETED_DEVICE_FAMILY = "1,2";
			};
			name = Release;
		};
		1EA79A5324C0E27C00E45A86 /* Debug */ = {
			isa = XCBuildConfiguration;
			baseConfigurationReference = FC58AFC5ED0B52A8621B83F1 /* Pods-MotivationalAppTests.debug.xcconfig */;
			buildSettings = {
				ALWAYS_EMBED_SWIFT_STANDARD_LIBRARIES = YES;
				BUNDLE_LOADER = "$(TEST_HOST)";
				CODE_SIGN_STYLE = Automatic;
				DEVELOPMENT_TEAM = 2R9D8RVTAY;
				INFOPLIST_FILE = MotivationalAppTests/Info.plist;
				IPHONEOS_DEPLOYMENT_TARGET = 14.0;
				LD_RUNPATH_SEARCH_PATHS = (
					"$(inherited)",
					"@executable_path/Frameworks",
					"@loader_path/Frameworks",
				);
				PRODUCT_BUNDLE_IDENTIFIER = com.atheersalim.MotivationalAppTests;
				PRODUCT_NAME = "$(TARGET_NAME)";
				SWIFT_VERSION = 5.0;
				TARGETED_DEVICE_FAMILY = "1,2";
				TEST_HOST = "$(BUILT_PRODUCTS_DIR)/MotivationalApp.app/MotivationalApp";
			};
			name = Debug;
		};
		1EA79A5424C0E27C00E45A86 /* Release */ = {
			isa = XCBuildConfiguration;
			baseConfigurationReference = 06D3E03E6AC52B0D0FBAEB0E /* Pods-MotivationalAppTests.release.xcconfig */;
			buildSettings = {
				ALWAYS_EMBED_SWIFT_STANDARD_LIBRARIES = YES;
				BUNDLE_LOADER = "$(TEST_HOST)";
				CODE_SIGN_STYLE = Automatic;
				DEVELOPMENT_TEAM = 2R9D8RVTAY;
				INFOPLIST_FILE = MotivationalAppTests/Info.plist;
				IPHONEOS_DEPLOYMENT_TARGET = 14.0;
				LD_RUNPATH_SEARCH_PATHS = (
					"$(inherited)",
					"@executable_path/Frameworks",
					"@loader_path/Frameworks",
				);
				PRODUCT_BUNDLE_IDENTIFIER = com.atheersalim.MotivationalAppTests;
				PRODUCT_NAME = "$(TARGET_NAME)";
				SWIFT_VERSION = 5.0;
				TARGETED_DEVICE_FAMILY = "1,2";
				TEST_HOST = "$(BUILT_PRODUCTS_DIR)/MotivationalApp.app/MotivationalApp";
			};
			name = Release;
		};
		1EA79A5624C0E27C00E45A86 /* Debug */ = {
			isa = XCBuildConfiguration;
			baseConfigurationReference = 84626D66C17E4C42ED3D0389 /* Pods-MotivationalApp-MotivationalAppUITests.debug.xcconfig */;
			buildSettings = {
				ALWAYS_EMBED_SWIFT_STANDARD_LIBRARIES = YES;
				CODE_SIGN_STYLE = Automatic;
				DEVELOPMENT_TEAM = 2R9D8RVTAY;
				INFOPLIST_FILE = MotivationalAppUITests/Info.plist;
				LD_RUNPATH_SEARCH_PATHS = (
					"$(inherited)",
					"@executable_path/Frameworks",
					"@loader_path/Frameworks",
				);
				PRODUCT_BUNDLE_IDENTIFIER = com.atheersalim.MotivationalAppUITests;
				PRODUCT_NAME = "$(TARGET_NAME)";
				SWIFT_VERSION = 5.0;
				TARGETED_DEVICE_FAMILY = "1,2";
				TEST_TARGET_NAME = MotivationalApp;
			};
			name = Debug;
		};
		1EA79A5724C0E27C00E45A86 /* Release */ = {
			isa = XCBuildConfiguration;
			baseConfigurationReference = 83F00DB2ACA2C64482F25467 /* Pods-MotivationalApp-MotivationalAppUITests.release.xcconfig */;
			buildSettings = {
				ALWAYS_EMBED_SWIFT_STANDARD_LIBRARIES = YES;
				CODE_SIGN_STYLE = Automatic;
				DEVELOPMENT_TEAM = 2R9D8RVTAY;
				INFOPLIST_FILE = MotivationalAppUITests/Info.plist;
				LD_RUNPATH_SEARCH_PATHS = (
					"$(inherited)",
					"@executable_path/Frameworks",
					"@loader_path/Frameworks",
				);
				PRODUCT_BUNDLE_IDENTIFIER = com.atheersalim.MotivationalAppUITests;
				PRODUCT_NAME = "$(TARGET_NAME)";
				SWIFT_VERSION = 5.0;
				TARGETED_DEVICE_FAMILY = "1,2";
				TEST_TARGET_NAME = MotivationalApp;
			};
			name = Release;
		};
/* End XCBuildConfiguration section */

/* Begin XCConfigurationList section */
		1EA79A2024C0E27B00E45A86 /* Build configuration list for PBXProject "MotivationalApp" */ = {
			isa = XCConfigurationList;
			buildConfigurations = (
				1EA79A4D24C0E27C00E45A86 /* Debug */,
				1EA79A4E24C0E27C00E45A86 /* Release */,
			);
			defaultConfigurationIsVisible = 0;
			defaultConfigurationName = Release;
		};
		1EA79A4F24C0E27C00E45A86 /* Build configuration list for PBXNativeTarget "MotivationalApp" */ = {
			isa = XCConfigurationList;
			buildConfigurations = (
				1EA79A5024C0E27C00E45A86 /* Debug */,
				1EA79A5124C0E27C00E45A86 /* Release */,
			);
			defaultConfigurationIsVisible = 0;
			defaultConfigurationName = Release;
		};
		1EA79A5224C0E27C00E45A86 /* Build configuration list for PBXNativeTarget "MotivationalAppTests" */ = {
			isa = XCConfigurationList;
			buildConfigurations = (
				1EA79A5324C0E27C00E45A86 /* Debug */,
				1EA79A5424C0E27C00E45A86 /* Release */,
			);
			defaultConfigurationIsVisible = 0;
			defaultConfigurationName = Release;
		};
		1EA79A5524C0E27C00E45A86 /* Build configuration list for PBXNativeTarget "MotivationalAppUITests" */ = {
			isa = XCConfigurationList;
			buildConfigurations = (
				1EA79A5624C0E27C00E45A86 /* Debug */,
				1EA79A5724C0E27C00E45A86 /* Release */,
			);
			defaultConfigurationIsVisible = 0;
			defaultConfigurationName = Release;
		};
/* End XCConfigurationList section */

/* Begin XCRemoteSwiftPackageReference section */
		1E20A91E25B1D84600621426 /* XCRemoteSwiftPackageReference "Kingfisher" */ = {
			isa = XCRemoteSwiftPackageReference;
			repositoryURL = "https://github.com/onevcat/Kingfisher.git";
			requirement = {
				kind = upToNextMajorVersion;
				minimumVersion = 6.0.1;
			};
		};
/* End XCRemoteSwiftPackageReference section */

/* Begin XCSwiftPackageProductDependency section */
		1E20A91F25B1D84600621426 /* Kingfisher */ = {
			isa = XCSwiftPackageProductDependency;
			package = 1E20A91E25B1D84600621426 /* XCRemoteSwiftPackageReference "Kingfisher" */;
			productName = Kingfisher;
		};
/* End XCSwiftPackageProductDependency section */

/* Begin XCVersionGroup section */
		1E9B04F525A66A0A00757FE0 /* MotivationalApp.xcdatamodeld */ = {
			isa = XCVersionGroup;
			children = (
				1E9B04F625A66A0A00757FE0 /* MotivationalApp.xcdatamodel */,
			);
			currentVersion = 1E9B04F625A66A0A00757FE0 /* MotivationalApp.xcdatamodel */;
			path = MotivationalApp.xcdatamodeld;
			sourceTree = "<group>";
			versionGroupType = wrapper.xcdatamodel;
		};
/* End XCVersionGroup section */
	};
	rootObject = 1EA79A1D24C0E27B00E45A86 /* Project object */;
}
