// !$*UTF8*$!
{
	archiveVersion = 1;
	classes = {
	};
	objectVersion = 50;
	objects = {

/* Begin PBXBuildFile section */
		1E296CEF253CCB83002A0C5E /* VideoPlayerAdditionalControlls.swift in Sources */ = {isa = PBXBuildFile; fileRef = 1E296CEE253CCB83002A0C5E /* VideoPlayerAdditionalControlls.swift */; };
		1E296CFA253CDFE3002A0C5E /* CategoryViewSettings.swift in Sources */ = {isa = PBXBuildFile; fileRef = 1E296CF9253CDFE3002A0C5E /* CategoryViewSettings.swift */; };
		1E50F707253B9D4400244E51 /* VideoIDModel.swift in Sources */ = {isa = PBXBuildFile; fileRef = 1E50F706253B9D4400244E51 /* VideoIDModel.swift */; };
		1E56E64F254CEA3700B04773 /* VideoIDFetcher.swift in Sources */ = {isa = PBXBuildFile; fileRef = 1E56E64E254CEA3700B04773 /* VideoIDFetcher.swift */; };
		1E89CB2925338A9F004A9110 /* CategoryViewCard.swift in Sources */ = {isa = PBXBuildFile; fileRef = 1E89CB2825338A9F004A9110 /* CategoryViewCard.swift */; };
		1E9C79FF254E3DB800D3FAD9 /* CategoryViewCardList.swift in Sources */ = {isa = PBXBuildFile; fileRef = 1E9C79FE254E3DB800D3FAD9 /* CategoryViewCardList.swift */; };
		1E9FB36A2517D7CB002DFEB0 /* VideoPlayerControlls.swift in Sources */ = {isa = PBXBuildFile; fileRef = 1E9FB3692517D7CB002DFEB0 /* VideoPlayerControlls.swift */; };
		1E9FB36F2517D8E3002DFEB0 /* VideoProgressBar.swift in Sources */ = {isa = PBXBuildFile; fileRef = 1E9FB36E2517D8E3002DFEB0 /* VideoProgressBar.swift */; };
		1E9FB3742517D92F002DFEB0 /* VideoPlayer.swift in Sources */ = {isa = PBXBuildFile; fileRef = 1E9FB3732517D92F002DFEB0 /* VideoPlayer.swift */; };
		1E9FB3892517DEB0002DFEB0 /* SizeShadowModifierImage.swift in Sources */ = {isa = PBXBuildFile; fileRef = 1E9FB3882517DEB0002DFEB0 /* SizeShadowModifierImage.swift */; };
		1EA30FC424FC37D800B06BF0 /* WebViewModel.swift in Sources */ = {isa = PBXBuildFile; fileRef = 1EA30FC324FC37D800B06BF0 /* WebViewModel.swift */; };
		1EA79A2924C0E27B00E45A86 /* AppDelegate.swift in Sources */ = {isa = PBXBuildFile; fileRef = 1EA79A2824C0E27B00E45A86 /* AppDelegate.swift */; };
		1EA79A2B24C0E27B00E45A86 /* SceneDelegate.swift in Sources */ = {isa = PBXBuildFile; fileRef = 1EA79A2A24C0E27B00E45A86 /* SceneDelegate.swift */; };
		1EA79A2D24C0E27B00E45A86 /* ContentView.swift in Sources */ = {isa = PBXBuildFile; fileRef = 1EA79A2C24C0E27B00E45A86 /* ContentView.swift */; };
		1EA79A2F24C0E27C00E45A86 /* Assets.xcassets in Resources */ = {isa = PBXBuildFile; fileRef = 1EA79A2E24C0E27C00E45A86 /* Assets.xcassets */; };
		1EA79A3224C0E27C00E45A86 /* Preview Assets.xcassets in Resources */ = {isa = PBXBuildFile; fileRef = 1EA79A3124C0E27C00E45A86 /* Preview Assets.xcassets */; };
		1EA79A3524C0E27C00E45A86 /* LaunchScreen.storyboard in Resources */ = {isa = PBXBuildFile; fileRef = 1EA79A3324C0E27C00E45A86 /* LaunchScreen.storyboard */; };
		1EA79A4024C0E27C00E45A86 /* MotivationalAppTests.swift in Sources */ = {isa = PBXBuildFile; fileRef = 1EA79A3F24C0E27C00E45A86 /* MotivationalAppTests.swift */; };
		1EA79A4B24C0E27C00E45A86 /* MotivationalAppUITests.swift in Sources */ = {isa = PBXBuildFile; fileRef = 1EA79A4A24C0E27C00E45A86 /* MotivationalAppUITests.swift */; };
		1EA8AA1625521A0A0013031E /* VideoPlayerCoverUpYoutubeTrademarks.swift in Sources */ = {isa = PBXBuildFile; fileRef = 1EA8AA1525521A0A0013031E /* VideoPlayerCoverUpYoutubeTrademarks.swift */; };
		1EC35B7325923548001C57FD /* VideoIDFetcherInfo.swift in Sources */ = {isa = PBXBuildFile; fileRef = 1EC35B7225923548001C57FD /* VideoIDFetcherInfo.swift */; };
		1EEBE8622593FD9E009D8CC6 /* CategoryViewData.swift in Sources */ = {isa = PBXBuildFile; fileRef = 1EEBE8612593FD9E009D8CC6 /* CategoryViewData.swift */; };
		1EEBE8682593FE0E009D8CC6 /* ProductivityCategoryData.swift in Sources */ = {isa = PBXBuildFile; fileRef = 1EEBE8672593FE0E009D8CC6 /* ProductivityCategoryData.swift */; };
		1EEBE8702593FF28009D8CC6 /* HardtimesCategoryData.swift in Sources */ = {isa = PBXBuildFile; fileRef = 1EEBE86F2593FF28009D8CC6 /* HardtimesCategoryData.swift */; };
		1EEBE8782593FF5D009D8CC6 /* RelationshipsCategoryData.swift in Sources */ = {isa = PBXBuildFile; fileRef = 1EEBE8772593FF5D009D8CC6 /* RelationshipsCategoryData.swift */; };
		1EEDB60B24EDAA02008CEB7A /* webView.swift in Sources */ = {isa = PBXBuildFile; fileRef = 1EEDB60A24EDAA02008CEB7A /* webView.swift */; };
		1EFD52CD253396B8008AE487 /* CategoryViewSection.swift in Sources */ = {isa = PBXBuildFile; fileRef = 1EFD52CC253396B8008AE487 /* CategoryViewSection.swift */; };
		1EFD52D22533A178008AE487 /* CategoryView.swift in Sources */ = {isa = PBXBuildFile; fileRef = 1EFD52D12533A178008AE487 /* CategoryView.swift */; };
/* End PBXBuildFile section */

/* Begin PBXContainerItemProxy section */
		1EA79A3C24C0E27C00E45A86 /* PBXContainerItemProxy */ = {
			isa = PBXContainerItemProxy;
			containerPortal = 1EA79A1D24C0E27B00E45A86 /* Project object */;
			proxyType = 1;
			remoteGlobalIDString = 1EA79A2424C0E27B00E45A86;
			remoteInfo = MotivationalApp;
		};
		1EA79A4724C0E27C00E45A86 /* PBXContainerItemProxy */ = {
			isa = PBXContainerItemProxy;
			containerPortal = 1EA79A1D24C0E27B00E45A86 /* Project object */;
			proxyType = 1;
			remoteGlobalIDString = 1EA79A2424C0E27B00E45A86;
			remoteInfo = MotivationalApp;
		};
/* End PBXContainerItemProxy section */

/* Begin PBXFileReference section */
		1E296CEE253CCB83002A0C5E /* VideoPlayerAdditionalControlls.swift */ = {isa = PBXFileReference; lastKnownFileType = sourcecode.swift; path = VideoPlayerAdditionalControlls.swift; sourceTree = "<group>"; };
		1E296CF9253CDFE3002A0C5E /* CategoryViewSettings.swift */ = {isa = PBXFileReference; lastKnownFileType = sourcecode.swift; path = CategoryViewSettings.swift; sourceTree = "<group>"; };
		1E50F706253B9D4400244E51 /* VideoIDModel.swift */ = {isa = PBXFileReference; lastKnownFileType = sourcecode.swift; path = VideoIDModel.swift; sourceTree = "<group>"; };
		1E56E64E254CEA3700B04773 /* VideoIDFetcher.swift */ = {isa = PBXFileReference; lastKnownFileType = sourcecode.swift; path = VideoIDFetcher.swift; sourceTree = "<group>"; };
		1E89CB2825338A9F004A9110 /* CategoryViewCard.swift */ = {isa = PBXFileReference; lastKnownFileType = sourcecode.swift; path = CategoryViewCard.swift; sourceTree = "<group>"; };
		1E9C79FE254E3DB800D3FAD9 /* CategoryViewCardList.swift */ = {isa = PBXFileReference; lastKnownFileType = sourcecode.swift; path = CategoryViewCardList.swift; sourceTree = "<group>"; };
		1E9FB3692517D7CB002DFEB0 /* VideoPlayerControlls.swift */ = {isa = PBXFileReference; lastKnownFileType = sourcecode.swift; path = VideoPlayerControlls.swift; sourceTree = "<group>"; };
		1E9FB36E2517D8E3002DFEB0 /* VideoProgressBar.swift */ = {isa = PBXFileReference; lastKnownFileType = sourcecode.swift; path = VideoProgressBar.swift; sourceTree = "<group>"; };
		1E9FB3732517D92F002DFEB0 /* VideoPlayer.swift */ = {isa = PBXFileReference; lastKnownFileType = sourcecode.swift; path = VideoPlayer.swift; sourceTree = "<group>"; };
		1E9FB3882517DEB0002DFEB0 /* SizeShadowModifierImage.swift */ = {isa = PBXFileReference; lastKnownFileType = sourcecode.swift; path = SizeShadowModifierImage.swift; sourceTree = "<group>"; };
		1EA30FC324FC37D800B06BF0 /* WebViewModel.swift */ = {isa = PBXFileReference; lastKnownFileType = sourcecode.swift; path = WebViewModel.swift; sourceTree = "<group>"; };
		1EA79A2524C0E27B00E45A86 /* MotivationalApp.app */ = {isa = PBXFileReference; explicitFileType = wrapper.application; includeInIndex = 0; path = MotivationalApp.app; sourceTree = BUILT_PRODUCTS_DIR; };
		1EA79A2824C0E27B00E45A86 /* AppDelegate.swift */ = {isa = PBXFileReference; lastKnownFileType = sourcecode.swift; path = AppDelegate.swift; sourceTree = "<group>"; };
		1EA79A2A24C0E27B00E45A86 /* SceneDelegate.swift */ = {isa = PBXFileReference; lastKnownFileType = sourcecode.swift; path = SceneDelegate.swift; sourceTree = "<group>"; };
		1EA79A2C24C0E27B00E45A86 /* ContentView.swift */ = {isa = PBXFileReference; lastKnownFileType = sourcecode.swift; path = ContentView.swift; sourceTree = "<group>"; };
		1EA79A2E24C0E27C00E45A86 /* Assets.xcassets */ = {isa = PBXFileReference; lastKnownFileType = folder.assetcatalog; path = Assets.xcassets; sourceTree = "<group>"; };
		1EA79A3124C0E27C00E45A86 /* Preview Assets.xcassets */ = {isa = PBXFileReference; lastKnownFileType = folder.assetcatalog; path = "Preview Assets.xcassets"; sourceTree = "<group>"; };
		1EA79A3424C0E27C00E45A86 /* Base */ = {isa = PBXFileReference; lastKnownFileType = file.storyboard; name = Base; path = Base.lproj/LaunchScreen.storyboard; sourceTree = "<group>"; };
		1EA79A3624C0E27C00E45A86 /* Info.plist */ = {isa = PBXFileReference; lastKnownFileType = text.plist.xml; path = Info.plist; sourceTree = "<group>"; };
		1EA79A3B24C0E27C00E45A86 /* MotivationalAppTests.xctest */ = {isa = PBXFileReference; explicitFileType = wrapper.cfbundle; includeInIndex = 0; path = MotivationalAppTests.xctest; sourceTree = BUILT_PRODUCTS_DIR; };
		1EA79A3F24C0E27C00E45A86 /* MotivationalAppTests.swift */ = {isa = PBXFileReference; lastKnownFileType = sourcecode.swift; path = MotivationalAppTests.swift; sourceTree = "<group>"; };
		1EA79A4124C0E27C00E45A86 /* Info.plist */ = {isa = PBXFileReference; lastKnownFileType = text.plist.xml; path = Info.plist; sourceTree = "<group>"; };
		1EA79A4624C0E27C00E45A86 /* MotivationalAppUITests.xctest */ = {isa = PBXFileReference; explicitFileType = wrapper.cfbundle; includeInIndex = 0; path = MotivationalAppUITests.xctest; sourceTree = BUILT_PRODUCTS_DIR; };
		1EA79A4A24C0E27C00E45A86 /* MotivationalAppUITests.swift */ = {isa = PBXFileReference; lastKnownFileType = sourcecode.swift; path = MotivationalAppUITests.swift; sourceTree = "<group>"; };
		1EA79A4C24C0E27C00E45A86 /* Info.plist */ = {isa = PBXFileReference; lastKnownFileType = text.plist.xml; path = Info.plist; sourceTree = "<group>"; };
		1EA8AA1525521A0A0013031E /* VideoPlayerCoverUpYoutubeTrademarks.swift */ = {isa = PBXFileReference; lastKnownFileType = sourcecode.swift; path = VideoPlayerCoverUpYoutubeTrademarks.swift; sourceTree = "<group>"; };
		1EC35B6225922F79001C57FD /* MotivationalApp.entitlements */ = {isa = PBXFileReference; lastKnownFileType = text.plist.entitlements; path = MotivationalApp.entitlements; sourceTree = "<group>"; };
		1EC35B7225923548001C57FD /* VideoIDFetcherInfo.swift */ = {isa = PBXFileReference; lastKnownFileType = sourcecode.swift; path = VideoIDFetcherInfo.swift; sourceTree = "<group>"; };
		1EEBE8612593FD9E009D8CC6 /* CategoryViewData.swift */ = {isa = PBXFileReference; lastKnownFileType = sourcecode.swift; path = CategoryViewData.swift; sourceTree = "<group>"; };
		1EEBE8672593FE0E009D8CC6 /* ProductivityCategoryData.swift */ = {isa = PBXFileReference; lastKnownFileType = sourcecode.swift; path = ProductivityCategoryData.swift; sourceTree = "<group>"; };
		1EEBE86F2593FF28009D8CC6 /* HardtimesCategoryData.swift */ = {isa = PBXFileReference; lastKnownFileType = sourcecode.swift; path = HardtimesCategoryData.swift; sourceTree = "<group>"; };
		1EEBE8772593FF5D009D8CC6 /* RelationshipsCategoryData.swift */ = {isa = PBXFileReference; lastKnownFileType = sourcecode.swift; path = RelationshipsCategoryData.swift; sourceTree = "<group>"; };
		1EEDB60A24EDAA02008CEB7A /* webView.swift */ = {isa = PBXFileReference; lastKnownFileType = sourcecode.swift; path = webView.swift; sourceTree = "<group>"; };
		1EFD52CC253396B8008AE487 /* CategoryViewSection.swift */ = {isa = PBXFileReference; lastKnownFileType = sourcecode.swift; path = CategoryViewSection.swift; sourceTree = "<group>"; };
		1EFD52D12533A178008AE487 /* CategoryView.swift */ = {isa = PBXFileReference; lastKnownFileType = sourcecode.swift; path = CategoryView.swift; sourceTree = "<group>"; };
/* End PBXFileReference section */

/* Begin PBXFrameworksBuildPhase section */
		1EA79A2224C0E27B00E45A86 /* Frameworks */ = {
			isa = PBXFrameworksBuildPhase;
			buildActionMask = 2147483647;
			files = (
			);
			runOnlyForDeploymentPostprocessing = 0;
		};
		1EA79A3824C0E27C00E45A86 /* Frameworks */ = {
			isa = PBXFrameworksBuildPhase;
			buildActionMask = 2147483647;
			files = (
			);
			runOnlyForDeploymentPostprocessing = 0;
		};
		1EA79A4324C0E27C00E45A86 /* Frameworks */ = {
			isa = PBXFrameworksBuildPhase;
			buildActionMask = 2147483647;
			files = (
			);
			runOnlyForDeploymentPostprocessing = 0;
		};
/* End PBXFrameworksBuildPhase section */

/* Begin PBXGroup section */
		1E50F6FD253B9B4D00244E51 /* Network */ = {
			isa = PBXGroup;
			children = (
				1E56E64E254CEA3700B04773 /* VideoIDFetcher.swift */,
			);
			path = Network;
			sourceTree = "<group>";
		};
		1E89CB2D25338AB5004A9110 /* CategoryView */ = {
			isa = PBXGroup;
			children = (
				1E89CB2825338A9F004A9110 /* CategoryViewCard.swift */,
				1E9C79FE254E3DB800D3FAD9 /* CategoryViewCardList.swift */,
				1EFD52CC253396B8008AE487 /* CategoryViewSection.swift */,
				1EFD52D12533A178008AE487 /* CategoryView.swift */,
			);
			path = CategoryView;
			sourceTree = "<group>";
		};
		1E9FB35A2517CC04002DFEB0 /* Extensions */ = {
			isa = PBXGroup;
			children = (
				1E9FB3882517DEB0002DFEB0 /* SizeShadowModifierImage.swift */,
			);
			path = Extensions;
			sourceTree = "<group>";
		};
		1E9FB35C2517CC25002DFEB0 /* CustomViews */ = {
			isa = PBXGroup;
			children = (
				1EEDB60A24EDAA02008CEB7A /* webView.swift */,
			);
			path = CustomViews;
			sourceTree = "<group>";
		};
		1E9FB35D2517CC37002DFEB0 /* Models */ = {
			isa = PBXGroup;
			children = (
				1EEBE8662593FDC5009D8CC6 /* CategoryDataSections */,
				1EA30FC324FC37D800B06BF0 /* WebViewModel.swift */,
				1E50F706253B9D4400244E51 /* VideoIDModel.swift */,
				1E296CF9253CDFE3002A0C5E /* CategoryViewSettings.swift */,
				1EC35B7225923548001C57FD /* VideoIDFetcherInfo.swift */,
				1EEBE8612593FD9E009D8CC6 /* CategoryViewData.swift */,
			);
			path = Models;
			sourceTree = "<group>";
		};
		1E9FB38E2517DF40002DFEB0 /* VideoPlayer */ = {
			isa = PBXGroup;
			children = (
				1E9FB3732517D92F002DFEB0 /* VideoPlayer.swift */,
				1E9FB3692517D7CB002DFEB0 /* VideoPlayerControlls.swift */,
				1E9FB36E2517D8E3002DFEB0 /* VideoProgressBar.swift */,
				1E296CEE253CCB83002A0C5E /* VideoPlayerAdditionalControlls.swift */,
				1EA8AA1525521A0A0013031E /* VideoPlayerCoverUpYoutubeTrademarks.swift */,
			);
			path = VideoPlayer;
			sourceTree = "<group>";
		};
		1EA79A1C24C0E27B00E45A86 = {
			isa = PBXGroup;
			children = (
				1EA79A2724C0E27B00E45A86 /* MotivationalApp */,
				1EA79A3E24C0E27C00E45A86 /* MotivationalAppTests */,
				1EA79A4924C0E27C00E45A86 /* MotivationalAppUITests */,
				1EA79A2624C0E27B00E45A86 /* Products */,
			);
			sourceTree = "<group>";
		};
		1EA79A2624C0E27B00E45A86 /* Products */ = {
			isa = PBXGroup;
			children = (
				1EA79A2524C0E27B00E45A86 /* MotivationalApp.app */,
				1EA79A3B24C0E27C00E45A86 /* MotivationalAppTests.xctest */,
				1EA79A4624C0E27C00E45A86 /* MotivationalAppUITests.xctest */,
			);
			name = Products;
			sourceTree = "<group>";
		};
		1EA79A2724C0E27B00E45A86 /* MotivationalApp */ = {
			isa = PBXGroup;
			children = (
				1EC35B6225922F79001C57FD /* MotivationalApp.entitlements */,
				1EA79A2824C0E27B00E45A86 /* AppDelegate.swift */,
				1EA79A2A24C0E27B00E45A86 /* SceneDelegate.swift */,
				1EA79A2C24C0E27B00E45A86 /* ContentView.swift */,
				1E89CB2D25338AB5004A9110 /* CategoryView */,
				1E9FB38E2517DF40002DFEB0 /* VideoPlayer */,
				1E9FB35D2517CC37002DFEB0 /* Models */,
				1E9FB35C2517CC25002DFEB0 /* CustomViews */,
				1E50F6FD253B9B4D00244E51 /* Network */,
				1E9FB35A2517CC04002DFEB0 /* Extensions */,
				1EA79A2E24C0E27C00E45A86 /* Assets.xcassets */,
				1EA79A3324C0E27C00E45A86 /* LaunchScreen.storyboard */,
				1EA79A3624C0E27C00E45A86 /* Info.plist */,
				1EA79A3024C0E27C00E45A86 /* Preview Content */,
			);
			path = MotivationalApp;
			sourceTree = "<group>";
		};
		1EA79A3024C0E27C00E45A86 /* Preview Content */ = {
			isa = PBXGroup;
			children = (
				1EA79A3124C0E27C00E45A86 /* Preview Assets.xcassets */,
			);
			path = "Preview Content";
			sourceTree = "<group>";
		};
		1EA79A3E24C0E27C00E45A86 /* MotivationalAppTests */ = {
			isa = PBXGroup;
			children = (
				1EA79A3F24C0E27C00E45A86 /* MotivationalAppTests.swift */,
				1EA79A4124C0E27C00E45A86 /* Info.plist */,
			);
			path = MotivationalAppTests;
			sourceTree = "<group>";
		};
		1EA79A4924C0E27C00E45A86 /* MotivationalAppUITests */ = {
			isa = PBXGroup;
			children = (
				1EA79A4A24C0E27C00E45A86 /* MotivationalAppUITests.swift */,
				1EA79A4C24C0E27C00E45A86 /* Info.plist */,
			);
			path = MotivationalAppUITests;
			sourceTree = "<group>";
		};
		1EEBE8662593FDC5009D8CC6 /* CategoryDataSections */ = {
			isa = PBXGroup;
			children = (
				1EEBE8672593FE0E009D8CC6 /* ProductivityCategoryData.swift */,
				1EEBE86F2593FF28009D8CC6 /* HardtimesCategoryData.swift */,
				1EEBE8772593FF5D009D8CC6 /* RelationshipsCategoryData.swift */,
			);
			path = CategoryDataSections;
			sourceTree = "<group>";
		};
/* End PBXGroup section */

/* Begin PBXNativeTarget section */
		1EA79A2424C0E27B00E45A86 /* MotivationalApp */ = {
			isa = PBXNativeTarget;
			buildConfigurationList = 1EA79A4F24C0E27C00E45A86 /* Build configuration list for PBXNativeTarget "MotivationalApp" */;
			buildPhases = (
				1EA79A2124C0E27B00E45A86 /* Sources */,
				1EA79A2224C0E27B00E45A86 /* Frameworks */,
				1EA79A2324C0E27B00E45A86 /* Resources */,
			);
			buildRules = (
			);
			dependencies = (
			);
			name = MotivationalApp;
			productName = MotivationalApp;
			productReference = 1EA79A2524C0E27B00E45A86 /* MotivationalApp.app */;
			productType = "com.apple.product-type.application";
		};
		1EA79A3A24C0E27C00E45A86 /* MotivationalAppTests */ = {
			isa = PBXNativeTarget;
			buildConfigurationList = 1EA79A5224C0E27C00E45A86 /* Build configuration list for PBXNativeTarget "MotivationalAppTests" */;
			buildPhases = (
				1EA79A3724C0E27C00E45A86 /* Sources */,
				1EA79A3824C0E27C00E45A86 /* Frameworks */,
				1EA79A3924C0E27C00E45A86 /* Resources */,
			);
			buildRules = (
			);
			dependencies = (
				1EA79A3D24C0E27C00E45A86 /* PBXTargetDependency */,
			);
			name = MotivationalAppTests;
			productName = MotivationalAppTests;
			productReference = 1EA79A3B24C0E27C00E45A86 /* MotivationalAppTests.xctest */;
			productType = "com.apple.product-type.bundle.unit-test";
		};
		1EA79A4524C0E27C00E45A86 /* MotivationalAppUITests */ = {
			isa = PBXNativeTarget;
			buildConfigurationList = 1EA79A5524C0E27C00E45A86 /* Build configuration list for PBXNativeTarget "MotivationalAppUITests" */;
			buildPhases = (
				1EA79A4224C0E27C00E45A86 /* Sources */,
				1EA79A4324C0E27C00E45A86 /* Frameworks */,
				1EA79A4424C0E27C00E45A86 /* Resources */,
			);
			buildRules = (
			);
			dependencies = (
				1EA79A4824C0E27C00E45A86 /* PBXTargetDependency */,
			);
			name = MotivationalAppUITests;
			productName = MotivationalAppUITests;
			productReference = 1EA79A4624C0E27C00E45A86 /* MotivationalAppUITests.xctest */;
			productType = "com.apple.product-type.bundle.ui-testing";
		};
/* End PBXNativeTarget section */

/* Begin PBXProject section */
		1EA79A1D24C0E27B00E45A86 /* Project object */ = {
			isa = PBXProject;
			attributes = {
				LastSwiftUpdateCheck = 1200;
				LastUpgradeCheck = 1200;
				TargetAttributes = {
					1EA79A2424C0E27B00E45A86 = {
						CreatedOnToolsVersion = 12.0;
					};
					1EA79A3A24C0E27C00E45A86 = {
						CreatedOnToolsVersion = 12.0;
						TestTargetID = 1EA79A2424C0E27B00E45A86;
					};
					1EA79A4524C0E27C00E45A86 = {
						CreatedOnToolsVersion = 12.0;
						TestTargetID = 1EA79A2424C0E27B00E45A86;
					};
				};
			};
			buildConfigurationList = 1EA79A2024C0E27B00E45A86 /* Build configuration list for PBXProject "MotivationalApp" */;
			compatibilityVersion = "Xcode 9.3";
			developmentRegion = en;
			hasScannedForEncodings = 0;
			knownRegions = (
				en,
				Base,
			);
			mainGroup = 1EA79A1C24C0E27B00E45A86;
			productRefGroup = 1EA79A2624C0E27B00E45A86 /* Products */;
			projectDirPath = "";
			projectRoot = "";
			targets = (
				1EA79A2424C0E27B00E45A86 /* MotivationalApp */,
				1EA79A3A24C0E27C00E45A86 /* MotivationalAppTests */,
				1EA79A4524C0E27C00E45A86 /* MotivationalAppUITests */,
			);
		};
/* End PBXProject section */

/* Begin PBXResourcesBuildPhase section */
		1EA79A2324C0E27B00E45A86 /* Resources */ = {
			isa = PBXResourcesBuildPhase;
			buildActionMask = 2147483647;
			files = (
				1EA79A3524C0E27C00E45A86 /* LaunchScreen.storyboard in Resources */,
				1EA79A3224C0E27C00E45A86 /* Preview Assets.xcassets in Resources */,
				1EA79A2F24C0E27C00E45A86 /* Assets.xcassets in Resources */,
			);
			runOnlyForDeploymentPostprocessing = 0;
		};
		1EA79A3924C0E27C00E45A86 /* Resources */ = {
			isa = PBXResourcesBuildPhase;
			buildActionMask = 2147483647;
			files = (
			);
			runOnlyForDeploymentPostprocessing = 0;
		};
		1EA79A4424C0E27C00E45A86 /* Resources */ = {
			isa = PBXResourcesBuildPhase;
			buildActionMask = 2147483647;
			files = (
			);
			runOnlyForDeploymentPostprocessing = 0;
		};
/* End PBXResourcesBuildPhase section */

/* Begin PBXSourcesBuildPhase section */
		1EA79A2124C0E27B00E45A86 /* Sources */ = {
			isa = PBXSourcesBuildPhase;
			buildActionMask = 2147483647;
			files = (
				1EEBE8682593FE0E009D8CC6 /* ProductivityCategoryData.swift in Sources */,
				1EEBE8782593FF5D009D8CC6 /* RelationshipsCategoryData.swift in Sources */,
				1E9FB3892517DEB0002DFEB0 /* SizeShadowModifierImage.swift in Sources */,
				1E9FB3742517D92F002DFEB0 /* VideoPlayer.swift in Sources */,
				1EFD52D22533A178008AE487 /* CategoryView.swift in Sources */,
				1E50F707253B9D4400244E51 /* VideoIDModel.swift in Sources */,
				1EEBE8622593FD9E009D8CC6 /* CategoryViewData.swift in Sources */,
				1E56E64F254CEA3700B04773 /* VideoIDFetcher.swift in Sources */,
				1E89CB2925338A9F004A9110 /* CategoryViewCard.swift in Sources */,
				1E296CEF253CCB83002A0C5E /* VideoPlayerAdditionalControlls.swift in Sources */,
				1EA79A2924C0E27B00E45A86 /* AppDelegate.swift in Sources */,
				1EA30FC424FC37D800B06BF0 /* WebViewModel.swift in Sources */,
				1EA8AA1625521A0A0013031E /* VideoPlayerCoverUpYoutubeTrademarks.swift in Sources */,
				1EEDB60B24EDAA02008CEB7A /* webView.swift in Sources */,
				1EEBE8702593FF28009D8CC6 /* HardtimesCategoryData.swift in Sources */,
				1E9FB36F2517D8E3002DFEB0 /* VideoProgressBar.swift in Sources */,
				1EFD52CD253396B8008AE487 /* CategoryViewSection.swift in Sources */,
				1E9FB36A2517D7CB002DFEB0 /* VideoPlayerControlls.swift in Sources */,
				1EC35B7325923548001C57FD /* VideoIDFetcherInfo.swift in Sources */,
				1EA79A2B24C0E27B00E45A86 /* SceneDelegate.swift in Sources */,
				1EA79A2D24C0E27B00E45A86 /* ContentView.swift in Sources */,
				1E9C79FF254E3DB800D3FAD9 /* CategoryViewCardList.swift in Sources */,
				1E296CFA253CDFE3002A0C5E /* CategoryViewSettings.swift in Sources */,
			);
			runOnlyForDeploymentPostprocessing = 0;
		};
		1EA79A3724C0E27C00E45A86 /* Sources */ = {
			isa = PBXSourcesBuildPhase;
			buildActionMask = 2147483647;
			files = (
				1EA79A4024C0E27C00E45A86 /* MotivationalAppTests.swift in Sources */,
			);
			runOnlyForDeploymentPostprocessing = 0;
		};
		1EA79A4224C0E27C00E45A86 /* Sources */ = {
			isa = PBXSourcesBuildPhase;
			buildActionMask = 2147483647;
			files = (
				1EA79A4B24C0E27C00E45A86 /* MotivationalAppUITests.swift in Sources */,
			);
			runOnlyForDeploymentPostprocessing = 0;
		};
/* End PBXSourcesBuildPhase section */

/* Begin PBXTargetDependency section */
		1EA79A3D24C0E27C00E45A86 /* PBXTargetDependency */ = {
			isa = PBXTargetDependency;
			target = 1EA79A2424C0E27B00E45A86 /* MotivationalApp */;
			targetProxy = 1EA79A3C24C0E27C00E45A86 /* PBXContainerItemProxy */;
		};
		1EA79A4824C0E27C00E45A86 /* PBXTargetDependency */ = {
			isa = PBXTargetDependency;
			target = 1EA79A2424C0E27B00E45A86 /* MotivationalApp */;
			targetProxy = 1EA79A4724C0E27C00E45A86 /* PBXContainerItemProxy */;
		};
/* End PBXTargetDependency section */

/* Begin PBXVariantGroup section */
		1EA79A3324C0E27C00E45A86 /* LaunchScreen.storyboard */ = {
			isa = PBXVariantGroup;
			children = (
				1EA79A3424C0E27C00E45A86 /* Base */,
			);
			name = LaunchScreen.storyboard;
			sourceTree = "<group>";
		};
/* End PBXVariantGroup section */

/* Begin XCBuildConfiguration section */
		1EA79A4D24C0E27C00E45A86 /* Debug */ = {
			isa = XCBuildConfiguration;
			buildSettings = {
				ALWAYS_SEARCH_USER_PATHS = NO;
				CLANG_ANALYZER_NONNULL = YES;
				CLANG_ANALYZER_NUMBER_OBJECT_CONVERSION = YES_AGGRESSIVE;
				CLANG_CXX_LANGUAGE_STANDARD = "gnu++14";
				CLANG_CXX_LIBRARY = "libc++";
				CLANG_ENABLE_MODULES = YES;
				CLANG_ENABLE_OBJC_ARC = YES;
				CLANG_ENABLE_OBJC_WEAK = YES;
				CLANG_WARN_BLOCK_CAPTURE_AUTORELEASING = YES;
				CLANG_WARN_BOOL_CONVERSION = YES;
				CLANG_WARN_COMMA = YES;
				CLANG_WARN_CONSTANT_CONVERSION = YES;
				CLANG_WARN_DEPRECATED_OBJC_IMPLEMENTATIONS = YES;
				CLANG_WARN_DIRECT_OBJC_ISA_USAGE = YES_ERROR;
				CLANG_WARN_DOCUMENTATION_COMMENTS = YES;
				CLANG_WARN_EMPTY_BODY = YES;
				CLANG_WARN_ENUM_CONVERSION = YES;
				CLANG_WARN_INFINITE_RECURSION = YES;
				CLANG_WARN_INT_CONVERSION = YES;
				CLANG_WARN_NON_LITERAL_NULL_CONVERSION = YES;
				CLANG_WARN_OBJC_IMPLICIT_RETAIN_SELF = YES;
				CLANG_WARN_OBJC_LITERAL_CONVERSION = YES;
				CLANG_WARN_OBJC_ROOT_CLASS = YES_ERROR;
				CLANG_WARN_QUOTED_INCLUDE_IN_FRAMEWORK_HEADER = YES;
				CLANG_WARN_RANGE_LOOP_ANALYSIS = YES;
				CLANG_WARN_STRICT_PROTOTYPES = YES;
				CLANG_WARN_SUSPICIOUS_MOVE = YES;
				CLANG_WARN_UNGUARDED_AVAILABILITY = YES_AGGRESSIVE;
				CLANG_WARN_UNREACHABLE_CODE = YES;
				CLANG_WARN__DUPLICATE_METHOD_MATCH = YES;
				COPY_PHASE_STRIP = NO;
				DEBUG_INFORMATION_FORMAT = dwarf;
				ENABLE_STRICT_OBJC_MSGSEND = YES;
				ENABLE_TESTABILITY = YES;
				GCC_C_LANGUAGE_STANDARD = gnu11;
				GCC_DYNAMIC_NO_PIC = NO;
				GCC_NO_COMMON_BLOCKS = YES;
				GCC_OPTIMIZATION_LEVEL = 0;
				GCC_PREPROCESSOR_DEFINITIONS = (
					"DEBUG=1",
					"$(inherited)",
				);
				GCC_WARN_64_TO_32_BIT_CONVERSION = YES;
				GCC_WARN_ABOUT_RETURN_TYPE = YES_ERROR;
				GCC_WARN_UNDECLARED_SELECTOR = YES;
				GCC_WARN_UNINITIALIZED_AUTOS = YES_AGGRESSIVE;
				GCC_WARN_UNUSED_FUNCTION = YES;
				GCC_WARN_UNUSED_VARIABLE = YES;
				IPHONEOS_DEPLOYMENT_TARGET = 14.0;
				MTL_ENABLE_DEBUG_INFO = INCLUDE_SOURCE;
				MTL_FAST_MATH = YES;
				ONLY_ACTIVE_ARCH = YES;
				SDKROOT = iphoneos;
				SWIFT_ACTIVE_COMPILATION_CONDITIONS = DEBUG;
				SWIFT_OPTIMIZATION_LEVEL = "-Onone";
			};
			name = Debug;
		};
		1EA79A4E24C0E27C00E45A86 /* Release */ = {
			isa = XCBuildConfiguration;
			buildSettings = {
				ALWAYS_SEARCH_USER_PATHS = NO;
				CLANG_ANALYZER_NONNULL = YES;
				CLANG_ANALYZER_NUMBER_OBJECT_CONVERSION = YES_AGGRESSIVE;
				CLANG_CXX_LANGUAGE_STANDARD = "gnu++14";
				CLANG_CXX_LIBRARY = "libc++";
				CLANG_ENABLE_MODULES = YES;
				CLANG_ENABLE_OBJC_ARC = YES;
				CLANG_ENABLE_OBJC_WEAK = YES;
				CLANG_WARN_BLOCK_CAPTURE_AUTORELEASING = YES;
				CLANG_WARN_BOOL_CONVERSION = YES;
				CLANG_WARN_COMMA = YES;
				CLANG_WARN_CONSTANT_CONVERSION = YES;
				CLANG_WARN_DEPRECATED_OBJC_IMPLEMENTATIONS = YES;
				CLANG_WARN_DIRECT_OBJC_ISA_USAGE = YES_ERROR;
				CLANG_WARN_DOCUMENTATION_COMMENTS = YES;
				CLANG_WARN_EMPTY_BODY = YES;
				CLANG_WARN_ENUM_CONVERSION = YES;
				CLANG_WARN_INFINITE_RECURSION = YES;
				CLANG_WARN_INT_CONVERSION = YES;
				CLANG_WARN_NON_LITERAL_NULL_CONVERSION = YES;
				CLANG_WARN_OBJC_IMPLICIT_RETAIN_SELF = YES;
				CLANG_WARN_OBJC_LITERAL_CONVERSION = YES;
				CLANG_WARN_OBJC_ROOT_CLASS = YES_ERROR;
				CLANG_WARN_QUOTED_INCLUDE_IN_FRAMEWORK_HEADER = YES;
				CLANG_WARN_RANGE_LOOP_ANALYSIS = YES;
				CLANG_WARN_STRICT_PROTOTYPES = YES;
				CLANG_WARN_SUSPICIOUS_MOVE = YES;
				CLANG_WARN_UNGUARDED_AVAILABILITY = YES_AGGRESSIVE;
				CLANG_WARN_UNREACHABLE_CODE = YES;
				CLANG_WARN__DUPLICATE_METHOD_MATCH = YES;
				COPY_PHASE_STRIP = NO;
				DEBUG_INFORMATION_FORMAT = "dwarf-with-dsym";
				ENABLE_NS_ASSERTIONS = NO;
				ENABLE_STRICT_OBJC_MSGSEND = YES;
				GCC_C_LANGUAGE_STANDARD = gnu11;
				GCC_NO_COMMON_BLOCKS = YES;
				GCC_WARN_64_TO_32_BIT_CONVERSION = YES;
				GCC_WARN_ABOUT_RETURN_TYPE = YES_ERROR;
				GCC_WARN_UNDECLARED_SELECTOR = YES;
				GCC_WARN_UNINITIALIZED_AUTOS = YES_AGGRESSIVE;
				GCC_WARN_UNUSED_FUNCTION = YES;
				GCC_WARN_UNUSED_VARIABLE = YES;
				IPHONEOS_DEPLOYMENT_TARGET = 14.0;
				MTL_ENABLE_DEBUG_INFO = NO;
				MTL_FAST_MATH = YES;
				SDKROOT = iphoneos;
				SWIFT_COMPILATION_MODE = wholemodule;
				SWIFT_OPTIMIZATION_LEVEL = "-O";
				VALIDATE_PRODUCT = YES;
			};
			name = Release;
		};
		1EA79A5024C0E27C00E45A86 /* Debug */ = {
			isa = XCBuildConfiguration;
			buildSettings = {
				ASSETCATALOG_COMPILER_APPICON_NAME = AppIcon;
				ASSETCATALOG_COMPILER_GLOBAL_ACCENT_COLOR_NAME = AccentColor;
				CODE_SIGN_ENTITLEMENTS = MotivationalApp/MotivationalApp.entitlements;
				CODE_SIGN_STYLE = Automatic;
				DEVELOPMENT_ASSET_PATHS = "\"MotivationalApp/Preview Content\"";
				DEVELOPMENT_TEAM = 2R9D8RVTAY;
				ENABLE_PREVIEWS = YES;
				INFOPLIST_FILE = MotivationalApp/Info.plist;
				IPHONEOS_DEPLOYMENT_TARGET = 14.0;
				LD_RUNPATH_SEARCH_PATHS = (
					"$(inherited)",
					"@executable_path/Frameworks",
				);
				PRODUCT_BUNDLE_IDENTIFIER = com.atheersalim.MotivationalApp;
				PRODUCT_NAME = "$(TARGET_NAME)";
				SWIFT_VERSION = 5.0;
				TARGETED_DEVICE_FAMILY = "1,2";
			};
			name = Debug;
		};
		1EA79A5124C0E27C00E45A86 /* Release */ = {
			isa = XCBuildConfiguration;
			buildSettings = {
				ASSETCATALOG_COMPILER_APPICON_NAME = AppIcon;
				ASSETCATALOG_COMPILER_GLOBAL_ACCENT_COLOR_NAME = AccentColor;
				CODE_SIGN_ENTITLEMENTS = MotivationalApp/MotivationalApp.entitlements;
				CODE_SIGN_STYLE = Automatic;
				DEVELOPMENT_ASSET_PATHS = "\"MotivationalApp/Preview Content\"";
				DEVELOPMENT_TEAM = 2R9D8RVTAY;
				ENABLE_PREVIEWS = YES;
				INFOPLIST_FILE = MotivationalApp/Info.plist;
				IPHONEOS_DEPLOYMENT_TARGET = 14.0;
				LD_RUNPATH_SEARCH_PATHS = (
					"$(inherited)",
					"@executable_path/Frameworks",
				);
				PRODUCT_BUNDLE_IDENTIFIER = com.atheersalim.MotivationalApp;
				PRODUCT_NAME = "$(TARGET_NAME)";
				SWIFT_VERSION = 5.0;
				TARGETED_DEVICE_FAMILY = "1,2";
			};
			name = Release;
		};
		1EA79A5324C0E27C00E45A86 /* Debug */ = {
			isa = XCBuildConfiguration;
			buildSettings = {
				ALWAYS_EMBED_SWIFT_STANDARD_LIBRARIES = YES;
				BUNDLE_LOADER = "$(TEST_HOST)";
				CODE_SIGN_STYLE = Automatic;
				DEVELOPMENT_TEAM = 2R9D8RVTAY;
				INFOPLIST_FILE = MotivationalAppTests/Info.plist;
				IPHONEOS_DEPLOYMENT_TARGET = 14.0;
				LD_RUNPATH_SEARCH_PATHS = (
					"$(inherited)",
					"@executable_path/Frameworks",
					"@loader_path/Frameworks",
				);
				PRODUCT_BUNDLE_IDENTIFIER = com.atheersalim.MotivationalAppTests;
				PRODUCT_NAME = "$(TARGET_NAME)";
				SWIFT_VERSION = 5.0;
				TARGETED_DEVICE_FAMILY = "1,2";
				TEST_HOST = "$(BUILT_PRODUCTS_DIR)/MotivationalApp.app/MotivationalApp";
			};
			name = Debug;
		};
		1EA79A5424C0E27C00E45A86 /* Release */ = {
			isa = XCBuildConfiguration;
			buildSettings = {
				ALWAYS_EMBED_SWIFT_STANDARD_LIBRARIES = YES;
				BUNDLE_LOADER = "$(TEST_HOST)";
				CODE_SIGN_STYLE = Automatic;
				DEVELOPMENT_TEAM = 2R9D8RVTAY;
				INFOPLIST_FILE = MotivationalAppTests/Info.plist;
				IPHONEOS_DEPLOYMENT_TARGET = 14.0;
				LD_RUNPATH_SEARCH_PATHS = (
					"$(inherited)",
					"@executable_path/Frameworks",
					"@loader_path/Frameworks",
				);
				PRODUCT_BUNDLE_IDENTIFIER = com.atheersalim.MotivationalAppTests;
				PRODUCT_NAME = "$(TARGET_NAME)";
				SWIFT_VERSION = 5.0;
				TARGETED_DEVICE_FAMILY = "1,2";
				TEST_HOST = "$(BUILT_PRODUCTS_DIR)/MotivationalApp.app/MotivationalApp";
			};
			name = Release;
		};
		1EA79A5624C0E27C00E45A86 /* Debug */ = {
			isa = XCBuildConfiguration;
			buildSettings = {
				ALWAYS_EMBED_SWIFT_STANDARD_LIBRARIES = YES;
				CODE_SIGN_STYLE = Automatic;
				DEVELOPMENT_TEAM = 2R9D8RVTAY;
				INFOPLIST_FILE = MotivationalAppUITests/Info.plist;
				LD_RUNPATH_SEARCH_PATHS = (
					"$(inherited)",
					"@executable_path/Frameworks",
					"@loader_path/Frameworks",
				);
				PRODUCT_BUNDLE_IDENTIFIER = com.atheersalim.MotivationalAppUITests;
				PRODUCT_NAME = "$(TARGET_NAME)";
				SWIFT_VERSION = 5.0;
				TARGETED_DEVICE_FAMILY = "1,2";
				TEST_TARGET_NAME = MotivationalApp;
			};
			name = Debug;
		};
		1EA79A5724C0E27C00E45A86 /* Release */ = {
			isa = XCBuildConfiguration;
			buildSettings = {
				ALWAYS_EMBED_SWIFT_STANDARD_LIBRARIES = YES;
				CODE_SIGN_STYLE = Automatic;
				DEVELOPMENT_TEAM = 2R9D8RVTAY;
				INFOPLIST_FILE = MotivationalAppUITests/Info.plist;
				LD_RUNPATH_SEARCH_PATHS = (
					"$(inherited)",
					"@executable_path/Frameworks",
					"@loader_path/Frameworks",
				);
				PRODUCT_BUNDLE_IDENTIFIER = com.atheersalim.MotivationalAppUITests;
				PRODUCT_NAME = "$(TARGET_NAME)";
				SWIFT_VERSION = 5.0;
				TARGETED_DEVICE_FAMILY = "1,2";
				TEST_TARGET_NAME = MotivationalApp;
			};
			name = Release;
		};
/* End XCBuildConfiguration section */

/* Begin XCConfigurationList section */
		1EA79A2024C0E27B00E45A86 /* Build configuration list for PBXProject "MotivationalApp" */ = {
			isa = XCConfigurationList;
			buildConfigurations = (
				1EA79A4D24C0E27C00E45A86 /* Debug */,
				1EA79A4E24C0E27C00E45A86 /* Release */,
			);
			defaultConfigurationIsVisible = 0;
			defaultConfigurationName = Release;
		};
		1EA79A4F24C0E27C00E45A86 /* Build configuration list for PBXNativeTarget "MotivationalApp" */ = {
			isa = XCConfigurationList;
			buildConfigurations = (
				1EA79A5024C0E27C00E45A86 /* Debug */,
				1EA79A5124C0E27C00E45A86 /* Release */,
			);
			defaultConfigurationIsVisible = 0;
			defaultConfigurationName = Release;
		};
		1EA79A5224C0E27C00E45A86 /* Build configuration list for PBXNativeTarget "MotivationalAppTests" */ = {
			isa = XCConfigurationList;
			buildConfigurations = (
				1EA79A5324C0E27C00E45A86 /* Debug */,
				1EA79A5424C0E27C00E45A86 /* Release */,
			);
			defaultConfigurationIsVisible = 0;
			defaultConfigurationName = Release;
		};
		1EA79A5524C0E27C00E45A86 /* Build configuration list for PBXNativeTarget "MotivationalAppUITests" */ = {
			isa = XCConfigurationList;
			buildConfigurations = (
				1EA79A5624C0E27C00E45A86 /* Debug */,
				1EA79A5724C0E27C00E45A86 /* Release */,
			);
			defaultConfigurationIsVisible = 0;
			defaultConfigurationName = Release;
		};
/* End XCConfigurationList section */
	};
	rootObject = 1EA79A1D24C0E27B00E45A86 /* Project object */;
}
